// !$*UTF8*$!
{
	archiveVersion = 1;
	classes = {
	};
	objectVersion = 46;
	objects = {

/* Begin PBXBuildFile section */
		C935CE7D1506144500AE8B67 /* Document.cpp in Sources */ = {isa = PBXBuildFile; fileRef = D1E1DD7A140E593900499A97 /* Document.cpp */; };
		C935CE7E1506144500AE8B67 /* Exception.cpp in Sources */ = {isa = PBXBuildFile; fileRef = D1E1DD7B140E593900499A97 /* Exception.cpp */; };
		C935CE7F1506144500AE8B67 /* Node.cpp in Sources */ = {isa = PBXBuildFile; fileRef = D1E1DD7C140E593900499A97 /* Node.cpp */; };
		C935CE801506144500AE8B67 /* Property.cpp in Sources */ = {isa = PBXBuildFile; fileRef = D1E1DD7D140E593900499A97 /* Property.cpp */; };
		C935CE851506144500AE8B67 /* Document.h in Headers */ = {isa = PBXBuildFile; fileRef = D1E1DD82140E594B00499A97 /* Document.h */; settings = {ATTRIBUTES = (Public, ); }; };
		C935CE861506144500AE8B67 /* Exception.h in Headers */ = {isa = PBXBuildFile; fileRef = D1E1DD83140E594B00499A97 /* Exception.h */; settings = {ATTRIBUTES = (Public, ); }; };
		C935CE871506144500AE8B67 /* hlxmlExport.h in Headers */ = {isa = PBXBuildFile; fileRef = D1E1DD84140E594B00499A97 /* hlxmlExport.h */; settings = {ATTRIBUTES = (Public, ); }; };
		C935CE881506144500AE8B67 /* Node.h in Headers */ = {isa = PBXBuildFile; fileRef = D1E1DD85140E594B00499A97 /* Node.h */; settings = {ATTRIBUTES = (Public, ); }; };
		C935CE891506144500AE8B67 /* Property.h in Headers */ = {isa = PBXBuildFile; fileRef = D1E1DD86140E594B00499A97 /* Property.h */; settings = {ATTRIBUTES = (Public, ); }; };
		C935CE8F1506144500AE8B67 /* hltypes.framework in Frameworks */ = {isa = PBXBuildFile; fileRef = C9F9315914DA8CDF00954F90 /* hltypes.framework */; };
		C935CE9E150614BE00AE8B67 /* LibXml2_Document.cpp in Sources */ = {isa = PBXBuildFile; fileRef = C935CE98150614BE00AE8B67 /* LibXml2_Document.cpp */; };
		C935CEA0150614BE00AE8B67 /* LibXml2_Node.cpp in Sources */ = {isa = PBXBuildFile; fileRef = C935CE9A150614BE00AE8B67 /* LibXml2_Node.cpp */; };
		C935CEA2150614BE00AE8B67 /* LibXml2_Property.cpp in Sources */ = {isa = PBXBuildFile; fileRef = C935CE9C150614BE00AE8B67 /* LibXml2_Property.cpp */; };
		C935CEA6150615AE00AE8B67 /* Document.cpp in Sources */ = {isa = PBXBuildFile; fileRef = D1E1DD7A140E593900499A97 /* Document.cpp */; };
		C935CEA7150615AE00AE8B67 /* Exception.cpp in Sources */ = {isa = PBXBuildFile; fileRef = D1E1DD7B140E593900499A97 /* Exception.cpp */; };
		C935CEA8150615AE00AE8B67 /* Node.cpp in Sources */ = {isa = PBXBuildFile; fileRef = D1E1DD7C140E593900499A97 /* Node.cpp */; };
		C935CEA9150615AE00AE8B67 /* Property.cpp in Sources */ = {isa = PBXBuildFile; fileRef = D1E1DD7D140E593900499A97 /* Property.cpp */; };
		C935CEB51506166A00AE8B67 /* LibXml2_Document.cpp in Sources */ = {isa = PBXBuildFile; fileRef = C935CE98150614BE00AE8B67 /* LibXml2_Document.cpp */; };
		C935CEB61506166A00AE8B67 /* LibXml2_Node.cpp in Sources */ = {isa = PBXBuildFile; fileRef = C935CE9A150614BE00AE8B67 /* LibXml2_Node.cpp */; };
		C935CEB71506166A00AE8B67 /* LibXml2_Property.cpp in Sources */ = {isa = PBXBuildFile; fileRef = C935CE9C150614BE00AE8B67 /* LibXml2_Property.cpp */; };
		C9F9315A14DA8CDF00954F90 /* hltypes.framework in Frameworks */ = {isa = PBXBuildFile; fileRef = C9F9315914DA8CDF00954F90 /* hltypes.framework */; };
		D186227614F9630200639D7C /* tinyxml.framework in Frameworks */ = {isa = PBXBuildFile; fileRef = D186227514F9630200639D7C /* tinyxml.framework */; };
		D186227D14F9638400639D7C /* TinyXml_Document.cpp in Sources */ = {isa = PBXBuildFile; fileRef = D186227714F9638400639D7C /* TinyXml_Document.cpp */; };
		D186227E14F9638400639D7C /* TinyXml_Document.cpp in Sources */ = {isa = PBXBuildFile; fileRef = D186227714F9638400639D7C /* TinyXml_Document.cpp */; };
		D186228014F9638400639D7C /* TinyXml_Node.cpp in Sources */ = {isa = PBXBuildFile; fileRef = D186227914F9638400639D7C /* TinyXml_Node.cpp */; };
		D186228114F9638400639D7C /* TinyXml_Node.cpp in Sources */ = {isa = PBXBuildFile; fileRef = D186227914F9638400639D7C /* TinyXml_Node.cpp */; };
		D186228314F9638400639D7C /* TinyXml_Property.cpp in Sources */ = {isa = PBXBuildFile; fileRef = D186227B14F9638400639D7C /* TinyXml_Property.cpp */; };
		D186228414F9638400639D7C /* TinyXml_Property.cpp in Sources */ = {isa = PBXBuildFile; fileRef = D186227B14F9638400639D7C /* TinyXml_Property.cpp */; };
		D1981C28140F80960057C3AF /* Document.cpp in Sources */ = {isa = PBXBuildFile; fileRef = D1E1DD7A140E593900499A97 /* Document.cpp */; };
		D1981C29140F80960057C3AF /* Exception.cpp in Sources */ = {isa = PBXBuildFile; fileRef = D1E1DD7B140E593900499A97 /* Exception.cpp */; };
		D1981C2A140F80960057C3AF /* Node.cpp in Sources */ = {isa = PBXBuildFile; fileRef = D1E1DD7C140E593900499A97 /* Node.cpp */; };
		D1981C2B140F80960057C3AF /* Property.cpp in Sources */ = {isa = PBXBuildFile; fileRef = D1E1DD7D140E593900499A97 /* Property.cpp */; };
		D1E1DD7E140E593900499A97 /* Document.cpp in Sources */ = {isa = PBXBuildFile; fileRef = D1E1DD7A140E593900499A97 /* Document.cpp */; };
		D1E1DD7F140E593900499A97 /* Exception.cpp in Sources */ = {isa = PBXBuildFile; fileRef = D1E1DD7B140E593900499A97 /* Exception.cpp */; };
		D1E1DD80140E593900499A97 /* Node.cpp in Sources */ = {isa = PBXBuildFile; fileRef = D1E1DD7C140E593900499A97 /* Node.cpp */; };
		D1E1DD81140E593900499A97 /* Property.cpp in Sources */ = {isa = PBXBuildFile; fileRef = D1E1DD7D140E593900499A97 /* Property.cpp */; };
		D1E1DD87140E594B00499A97 /* Document.h in Headers */ = {isa = PBXBuildFile; fileRef = D1E1DD82140E594B00499A97 /* Document.h */; settings = {ATTRIBUTES = (Public, ); }; };
		D1E1DD88140E594B00499A97 /* Exception.h in Headers */ = {isa = PBXBuildFile; fileRef = D1E1DD83140E594B00499A97 /* Exception.h */; settings = {ATTRIBUTES = (Public, ); }; };
		D1E1DD89140E594B00499A97 /* hlxmlExport.h in Headers */ = {isa = PBXBuildFile; fileRef = D1E1DD84140E594B00499A97 /* hlxmlExport.h */; settings = {ATTRIBUTES = (Public, ); }; };
		D1E1DD8A140E594B00499A97 /* Node.h in Headers */ = {isa = PBXBuildFile; fileRef = D1E1DD85140E594B00499A97 /* Node.h */; settings = {ATTRIBUTES = (Public, ); }; };
		D1E1DD8B140E594C00499A97 /* Property.h in Headers */ = {isa = PBXBuildFile; fileRef = D1E1DD86140E594B00499A97 /* Property.h */; settings = {ATTRIBUTES = (Public, ); }; };
/* End PBXBuildFile section */

/* Begin PBXFileReference section */
		7F42F71411EB111E00B1C1DF /* Info.plist */ = {isa = PBXFileReference; fileEncoding = 4; lastKnownFileType = text.plist.xml; path = Info.plist; sourceTree = "<group>"; };
		8DC2EF5B0486A6940098B216 /* hlxml.framework */ = {isa = PBXFileReference; explicitFileType = wrapper.framework; includeInIndex = 0; path = hlxml.framework; sourceTree = BUILT_PRODUCTS_DIR; };
		C935CE961506144500AE8B67 /* hlxml.framework */ = {isa = PBXFileReference; explicitFileType = wrapper.framework; includeInIndex = 0; path = hlxml.framework; sourceTree = BUILT_PRODUCTS_DIR; };
		C935CE98150614BE00AE8B67 /* LibXml2_Document.cpp */ = {isa = PBXFileReference; fileEncoding = 4; lastKnownFileType = sourcecode.cpp.cpp; name = LibXml2_Document.cpp; path = xmlsystems/LibXml2/LibXml2_Document.cpp; sourceTree = "<group>"; };
		C935CE99150614BE00AE8B67 /* LibXml2_Document.h */ = {isa = PBXFileReference; fileEncoding = 4; lastKnownFileType = sourcecode.c.h; name = LibXml2_Document.h; path = xmlsystems/LibXml2/LibXml2_Document.h; sourceTree = "<group>"; };
		C935CE9A150614BE00AE8B67 /* LibXml2_Node.cpp */ = {isa = PBXFileReference; fileEncoding = 4; lastKnownFileType = sourcecode.cpp.cpp; name = LibXml2_Node.cpp; path = xmlsystems/LibXml2/LibXml2_Node.cpp; sourceTree = "<group>"; };
		C935CE9B150614BE00AE8B67 /* LibXml2_Node.h */ = {isa = PBXFileReference; fileEncoding = 4; lastKnownFileType = sourcecode.c.h; name = LibXml2_Node.h; path = xmlsystems/LibXml2/LibXml2_Node.h; sourceTree = "<group>"; };
		C935CE9C150614BE00AE8B67 /* LibXml2_Property.cpp */ = {isa = PBXFileReference; fileEncoding = 4; lastKnownFileType = sourcecode.cpp.cpp; name = LibXml2_Property.cpp; path = xmlsystems/LibXml2/LibXml2_Property.cpp; sourceTree = "<group>"; };
		C935CE9D150614BE00AE8B67 /* LibXml2_Property.h */ = {isa = PBXFileReference; fileEncoding = 4; lastKnownFileType = sourcecode.c.h; name = LibXml2_Property.h; path = xmlsystems/LibXml2/LibXml2_Property.h; sourceTree = "<group>"; };
		C935CEB3150615AE00AE8B67 /* libhlxml.a */ = {isa = PBXFileReference; explicitFileType = archive.ar; includeInIndex = 0; path = libhlxml.a; sourceTree = BUILT_PRODUCTS_DIR; };
		C9F9315914DA8CDF00954F90 /* hltypes.framework */ = {isa = PBXFileReference; lastKnownFileType = wrapper.framework; name = hltypes.framework; path = "../../__build__/angels/Build/Products/Debug-LLVM/hltypes.framework"; sourceTree = "<group>"; };
		D186227514F9630200639D7C /* tinyxml.framework */ = {isa = PBXFileReference; lastKnownFileType = wrapper.framework; name = tinyxml.framework; path = ../../tinyxml/build/Release/tinyxml.framework; sourceTree = "<group>"; };
		D186227714F9638400639D7C /* TinyXml_Document.cpp */ = {isa = PBXFileReference; fileEncoding = 4; lastKnownFileType = sourcecode.cpp.cpp; name = TinyXml_Document.cpp; path = xmlsystems/TinyXml/TinyXml_Document.cpp; sourceTree = "<group>"; };
		D186227814F9638400639D7C /* TinyXml_Document.h */ = {isa = PBXFileReference; fileEncoding = 4; lastKnownFileType = sourcecode.c.h; name = TinyXml_Document.h; path = xmlsystems/TinyXml/TinyXml_Document.h; sourceTree = "<group>"; };
		D186227914F9638400639D7C /* TinyXml_Node.cpp */ = {isa = PBXFileReference; fileEncoding = 4; lastKnownFileType = sourcecode.cpp.cpp; name = TinyXml_Node.cpp; path = xmlsystems/TinyXml/TinyXml_Node.cpp; sourceTree = "<group>"; };
		D186227A14F9638400639D7C /* TinyXml_Node.h */ = {isa = PBXFileReference; fileEncoding = 4; lastKnownFileType = sourcecode.c.h; name = TinyXml_Node.h; path = xmlsystems/TinyXml/TinyXml_Node.h; sourceTree = "<group>"; };
		D186227B14F9638400639D7C /* TinyXml_Property.cpp */ = {isa = PBXFileReference; fileEncoding = 4; lastKnownFileType = sourcecode.cpp.cpp; name = TinyXml_Property.cpp; path = xmlsystems/TinyXml/TinyXml_Property.cpp; sourceTree = "<group>"; };
		D186227C14F9638400639D7C /* TinyXml_Property.h */ = {isa = PBXFileReference; fileEncoding = 4; lastKnownFileType = sourcecode.c.h; name = TinyXml_Property.h; path = xmlsystems/TinyXml/TinyXml_Property.h; sourceTree = "<group>"; };
		D1E1DD69140E58E600499A97 /* libhlxml.a */ = {isa = PBXFileReference; explicitFileType = archive.ar; includeInIndex = 0; path = libhlxml.a; sourceTree = BUILT_PRODUCTS_DIR; };
		D1E1DD7A140E593900499A97 /* Document.cpp */ = {isa = PBXFileReference; fileEncoding = 4; lastKnownFileType = sourcecode.cpp.cpp; name = Document.cpp; path = src/Document.cpp; sourceTree = "<group>"; };
		D1E1DD7B140E593900499A97 /* Exception.cpp */ = {isa = PBXFileReference; fileEncoding = 4; lastKnownFileType = sourcecode.cpp.cpp; name = Exception.cpp; path = src/Exception.cpp; sourceTree = "<group>"; };
		D1E1DD7C140E593900499A97 /* Node.cpp */ = {isa = PBXFileReference; fileEncoding = 4; lastKnownFileType = sourcecode.cpp.cpp; name = Node.cpp; path = src/Node.cpp; sourceTree = "<group>"; };
		D1E1DD7D140E593900499A97 /* Property.cpp */ = {isa = PBXFileReference; fileEncoding = 4; lastKnownFileType = sourcecode.cpp.cpp; name = Property.cpp; path = src/Property.cpp; sourceTree = "<group>"; };
		D1E1DD82140E594B00499A97 /* Document.h */ = {isa = PBXFileReference; fileEncoding = 4; lastKnownFileType = sourcecode.c.h; name = Document.h; path = include/hlxml/Document.h; sourceTree = "<group>"; };
		D1E1DD83140E594B00499A97 /* Exception.h */ = {isa = PBXFileReference; fileEncoding = 4; lastKnownFileType = sourcecode.c.h; name = Exception.h; path = include/hlxml/Exception.h; sourceTree = "<group>"; };
		D1E1DD84140E594B00499A97 /* hlxmlExport.h */ = {isa = PBXFileReference; fileEncoding = 4; lastKnownFileType = sourcecode.c.h; name = hlxmlExport.h; path = include/hlxml/hlxmlExport.h; sourceTree = "<group>"; };
		D1E1DD85140E594B00499A97 /* Node.h */ = {isa = PBXFileReference; fileEncoding = 4; lastKnownFileType = sourcecode.c.h; name = Node.h; path = include/hlxml/Node.h; sourceTree = "<group>"; };
		D1E1DD86140E594B00499A97 /* Property.h */ = {isa = PBXFileReference; fileEncoding = 4; lastKnownFileType = sourcecode.c.h; name = Property.h; path = include/hlxml/Property.h; sourceTree = "<group>"; };
/* End PBXFileReference section */

/* Begin PBXFrameworksBuildPhase section */
		8DC2EF560486A6940098B216 /* Frameworks */ = {
			isa = PBXFrameworksBuildPhase;
			buildActionMask = 2147483647;
			files = (
				D186227614F9630200639D7C /* tinyxml.framework in Frameworks */,
				C9F9315A14DA8CDF00954F90 /* hltypes.framework in Frameworks */,
			);
			runOnlyForDeploymentPostprocessing = 0;
		};
		C935CE8D1506144500AE8B67 /* Frameworks */ = {
			isa = PBXFrameworksBuildPhase;
			buildActionMask = 2147483647;
			files = (
				C935CE8F1506144500AE8B67 /* hltypes.framework in Frameworks */,
			);
			runOnlyForDeploymentPostprocessing = 0;
		};
/* End PBXFrameworksBuildPhase section */

/* Begin PBXGroup section */
		034768DFFF38A50411DB9C8B /* Products */ = {
			isa = PBXGroup;
			children = (
				8DC2EF5B0486A6940098B216 /* hlxml.framework */,
				D1E1DD69140E58E600499A97 /* libhlxml.a */,
				C935CE961506144500AE8B67 /* hlxml.framework */,
				C935CEB3150615AE00AE8B67 /* libhlxml.a */,
			);
			name = Products;
			sourceTree = "<group>";
		};
		0867D691FE84028FC02AAC07 /* libhlxml */ = {
			isa = PBXGroup;
			children = (
				7F42F71411EB111E00B1C1DF /* Info.plist */,
				7F42F69C11EB0B9A00B1C1DF /* include */,
				7F42F69511EB0B8500B1C1DF /* src */,
				C9F9314514DA8B7500954F90 /* xmlsystems */,
				D1E1DD6A140E58E600499A97 /* Frameworks */,
				034768DFFF38A50411DB9C8B /* Products */,
			);
			name = libhlxml;
			sourceTree = "<group>";
		};
		7F42F69511EB0B8500B1C1DF /* src */ = {
			isa = PBXGroup;
			children = (
				D1E1DD7A140E593900499A97 /* Document.cpp */,
				D1E1DD7B140E593900499A97 /* Exception.cpp */,
				D1E1DD7C140E593900499A97 /* Node.cpp */,
				D1E1DD7D140E593900499A97 /* Property.cpp */,
			);
			name = src;
			sourceTree = "<group>";
		};
		7F42F69C11EB0B9A00B1C1DF /* include */ = {
			isa = PBXGroup;
			children = (
				D1E1DD82140E594B00499A97 /* Document.h */,
				D1E1DD83140E594B00499A97 /* Exception.h */,
				D1E1DD84140E594B00499A97 /* hlxmlExport.h */,
				D1E1DD85140E594B00499A97 /* Node.h */,
				D1E1DD86140E594B00499A97 /* Property.h */,
			);
			name = include;
			sourceTree = "<group>";
		};
		C935CEB4150615D400AE8B67 /* libxml2 */ = {
			isa = PBXGroup;
			children = (
				C935CE98150614BE00AE8B67 /* LibXml2_Document.cpp */,
				C935CE99150614BE00AE8B67 /* LibXml2_Document.h */,
				C935CE9A150614BE00AE8B67 /* LibXml2_Node.cpp */,
				C935CE9B150614BE00AE8B67 /* LibXml2_Node.h */,
				C935CE9C150614BE00AE8B67 /* LibXml2_Property.cpp */,
				C935CE9D150614BE00AE8B67 /* LibXml2_Property.h */,
			);
			name = libxml2;
			sourceTree = "<group>";
		};
		C9F9314514DA8B7500954F90 /* xmlsystems */ = {
			isa = PBXGroup;
			children = (
				C935CEB4150615D400AE8B67 /* libxml2 */,
				C9F9314614DA8B8100954F90 /* tinyxml */,
			);
			name = xmlsystems;
			sourceTree = "<group>";
		};
		C9F9314614DA8B8100954F90 /* tinyxml */ = {
			isa = PBXGroup;
			children = (
				D186227714F9638400639D7C /* TinyXml_Document.cpp */,
				D186227814F9638400639D7C /* TinyXml_Document.h */,
				D186227914F9638400639D7C /* TinyXml_Node.cpp */,
				D186227A14F9638400639D7C /* TinyXml_Node.h */,
				D186227B14F9638400639D7C /* TinyXml_Property.cpp */,
				D186227C14F9638400639D7C /* TinyXml_Property.h */,
			);
			name = tinyxml;
			sourceTree = "<group>";
		};
		D1E1DD6A140E58E600499A97 /* Frameworks */ = {
			isa = PBXGroup;
			children = (
				D186227514F9630200639D7C /* tinyxml.framework */,
				C9F9315914DA8CDF00954F90 /* hltypes.framework */,
			);
			name = Frameworks;
			sourceTree = "<group>";
		};
/* End PBXGroup section */

/* Begin PBXHeadersBuildPhase section */
		8DC2EF500486A6940098B216 /* Headers */ = {
			isa = PBXHeadersBuildPhase;
			buildActionMask = 2147483647;
			files = (
				D1E1DD87140E594B00499A97 /* Document.h in Headers */,
				D1E1DD88140E594B00499A97 /* Exception.h in Headers */,
				D1E1DD89140E594B00499A97 /* hlxmlExport.h in Headers */,
				D1E1DD8A140E594B00499A97 /* Node.h in Headers */,
				D1E1DD8B140E594C00499A97 /* Property.h in Headers */,
			);
			runOnlyForDeploymentPostprocessing = 0;
		};
		C935CE841506144500AE8B67 /* Headers */ = {
			isa = PBXHeadersBuildPhase;
			buildActionMask = 2147483647;
			files = (
				C935CE851506144500AE8B67 /* Document.h in Headers */,
				C935CE861506144500AE8B67 /* Exception.h in Headers */,
				C935CE871506144500AE8B67 /* hlxmlExport.h in Headers */,
				C935CE881506144500AE8B67 /* Node.h in Headers */,
				C935CE891506144500AE8B67 /* Property.h in Headers */,
			);
			runOnlyForDeploymentPostprocessing = 0;
		};
/* End PBXHeadersBuildPhase section */

/* Begin PBXNativeTarget section */
		8DC2EF4F0486A6940098B216 /* hlxml (tinyxml) */ = {
			isa = PBXNativeTarget;
			buildConfigurationList = 1DEB91AD08733DA50010E9CD /* Build configuration list for PBXNativeTarget "hlxml (tinyxml)" */;
			buildPhases = (
				8DC2EF540486A6940098B216 /* Sources */,
				8DC2EF560486A6940098B216 /* Frameworks */,
				8DC2EF500486A6940098B216 /* Headers */,
			);
			buildRules = (
			);
			dependencies = (
			);
			name = "hlxml (tinyxml)";
			productInstallPath = "$(HOME)/Library/Frameworks";
			productName = libhlxml;
			productReference = 8DC2EF5B0486A6940098B216 /* hlxml.framework */;
			productType = "com.apple.product-type.framework";
		};
		C935CE7B1506144500AE8B67 /* hlxml (libxml2) */ = {
			isa = PBXNativeTarget;
			buildConfigurationList = C935CE901506144500AE8B67 /* Build configuration list for PBXNativeTarget "hlxml (libxml2)" */;
			buildPhases = (
				C935CE7C1506144500AE8B67 /* Sources */,
				C935CE8D1506144500AE8B67 /* Frameworks */,
				C935CE841506144500AE8B67 /* Headers */,
			);
			buildRules = (
			);
			dependencies = (
			);
			name = "hlxml (libxml2)";
			productInstallPath = "$(HOME)/Library/Frameworks";
			productName = libhlxml;
			productReference = C935CE961506144500AE8B67 /* hlxml.framework */;
			productType = "com.apple.product-type.framework";
		};
		C935CEA4150615AE00AE8B67 /* hlxml (iOS libxml2) */ = {
			isa = PBXNativeTarget;
			buildConfigurationList = C935CEAD150615AE00AE8B67 /* Build configuration list for PBXNativeTarget "hlxml (iOS libxml2)" */;
			buildPhases = (
				C935CEA5150615AE00AE8B67 /* Sources */,
			);
			buildRules = (
			);
			dependencies = (
			);
			name = "hlxml (iOS libxml2)";
			productName = "libhlxml-ios";
			productReference = C935CEB3150615AE00AE8B67 /* libhlxml.a */;
			productType = "com.apple.product-type.library.static";
		};
		D1E1DD68140E58E600499A97 /* hlxml (iOS tinyxml) */ = {
			isa = PBXNativeTarget;
			buildConfigurationList = D1E1DD78140E58E700499A97 /* Build configuration list for PBXNativeTarget "hlxml (iOS tinyxml)" */;
			buildPhases = (
				D1E1DD65140E58E600499A97 /* Sources */,
			);
			buildRules = (
			);
			dependencies = (
			);
			name = "hlxml (iOS tinyxml)";
			productName = "libhlxml-ios";
			productReference = D1E1DD69140E58E600499A97 /* libhlxml.a */;
			productType = "com.apple.product-type.library.static";
		};
/* End PBXNativeTarget section */

/* Begin PBXProject section */
		0867D690FE84028FC02AAC07 /* Project object */ = {
			isa = PBXProject;
			attributes = {
				LastUpgradeCheck = 0450;
			};
			buildConfigurationList = 1DEB91B108733DA50010E9CD /* Build configuration list for PBXProject "hlxml" */;
			compatibilityVersion = "Xcode 3.2";
			developmentRegion = English;
			hasScannedForEncodings = 1;
			knownRegions = (
				English,
				Japanese,
				French,
				German,
			);
			mainGroup = 0867D691FE84028FC02AAC07 /* libhlxml */;
			productRefGroup = 034768DFFF38A50411DB9C8B /* Products */;
			projectDirPath = "";
			projectRoot = "";
			targets = (
				C935CE7B1506144500AE8B67 /* hlxml (libxml2) */,
				8DC2EF4F0486A6940098B216 /* hlxml (tinyxml) */,
				C935CEA4150615AE00AE8B67 /* hlxml (iOS libxml2) */,
				D1E1DD68140E58E600499A97 /* hlxml (iOS tinyxml) */,
			);
		};
/* End PBXProject section */

/* Begin PBXSourcesBuildPhase section */
		8DC2EF540486A6940098B216 /* Sources */ = {
			isa = PBXSourcesBuildPhase;
			buildActionMask = 2147483647;
			files = (
				D1E1DD7E140E593900499A97 /* Document.cpp in Sources */,
				D1E1DD7F140E593900499A97 /* Exception.cpp in Sources */,
				D1E1DD80140E593900499A97 /* Node.cpp in Sources */,
				D1E1DD81140E593900499A97 /* Property.cpp in Sources */,
				D186227D14F9638400639D7C /* TinyXml_Document.cpp in Sources */,
				D186228014F9638400639D7C /* TinyXml_Node.cpp in Sources */,
				D186228314F9638400639D7C /* TinyXml_Property.cpp in Sources */,
			);
			runOnlyForDeploymentPostprocessing = 0;
		};
		C935CE7C1506144500AE8B67 /* Sources */ = {
			isa = PBXSourcesBuildPhase;
			buildActionMask = 2147483647;
			files = (
				C935CE7D1506144500AE8B67 /* Document.cpp in Sources */,
				C935CE7E1506144500AE8B67 /* Exception.cpp in Sources */,
				C935CE7F1506144500AE8B67 /* Node.cpp in Sources */,
				C935CE801506144500AE8B67 /* Property.cpp in Sources */,
				C935CE9E150614BE00AE8B67 /* LibXml2_Document.cpp in Sources */,
				C935CEA0150614BE00AE8B67 /* LibXml2_Node.cpp in Sources */,
				C935CEA2150614BE00AE8B67 /* LibXml2_Property.cpp in Sources */,
			);
			runOnlyForDeploymentPostprocessing = 0;
		};
		C935CEA5150615AE00AE8B67 /* Sources */ = {
			isa = PBXSourcesBuildPhase;
			buildActionMask = 2147483647;
			files = (
				C935CEB51506166A00AE8B67 /* LibXml2_Document.cpp in Sources */,
				C935CEB61506166A00AE8B67 /* LibXml2_Node.cpp in Sources */,
				C935CEB71506166A00AE8B67 /* LibXml2_Property.cpp in Sources */,
				C935CEA6150615AE00AE8B67 /* Document.cpp in Sources */,
				C935CEA7150615AE00AE8B67 /* Exception.cpp in Sources */,
				C935CEA8150615AE00AE8B67 /* Node.cpp in Sources */,
				C935CEA9150615AE00AE8B67 /* Property.cpp in Sources */,
			);
			runOnlyForDeploymentPostprocessing = 0;
		};
		D1E1DD65140E58E600499A97 /* Sources */ = {
			isa = PBXSourcesBuildPhase;
			buildActionMask = 2147483647;
			files = (
				D1981C28140F80960057C3AF /* Document.cpp in Sources */,
				D1981C29140F80960057C3AF /* Exception.cpp in Sources */,
				D1981C2A140F80960057C3AF /* Node.cpp in Sources */,
				D1981C2B140F80960057C3AF /* Property.cpp in Sources */,
				D186227E14F9638400639D7C /* TinyXml_Document.cpp in Sources */,
				D186228114F9638400639D7C /* TinyXml_Node.cpp in Sources */,
				D186228414F9638400639D7C /* TinyXml_Property.cpp in Sources */,
			);
			runOnlyForDeploymentPostprocessing = 0;
		};
/* End PBXSourcesBuildPhase section */

/* Begin XCBuildConfiguration section */
		1DEB91AE08733DA50010E9CD /* Debug */ = {
			isa = XCBuildConfiguration;
			buildSettings = {
				ALWAYS_SEARCH_USER_PATHS = NO;
				ARCHS = "$(ARCHS_STANDARD_32_BIT)";
				COMBINE_HIDPI_IMAGES = YES;
				COPY_PHASE_STRIP = NO;
				DEPLOYMENT_LOCATION = YES;
				DSTROOT = /;
				DYLIB_COMPATIBILITY_VERSION = 1;
				DYLIB_CURRENT_VERSION = 1;
				FRAMEWORK_VERSION = A;
				GCC_DYNAMIC_NO_PIC = NO;
				GCC_MODEL_TUNING = G5;
				GCC_OPTIMIZATION_LEVEL = 0;
				GCC_PREPROCESSOR_DEFINITIONS = (
					USE_TINYXML,
					"$(inherited)",
				);
				GCC_VERSION = com.apple.compilers.llvmgcc42;
				INFOPLIST_FILE = Info.plist;
				INSTALL_PATH = "$(LOCAL_LIBRARY_DIR)/Frameworks";
				LD_DYLIB_INSTALL_NAME = "@executable_path/../Frameworks/$(EXECUTABLE_PATH)";
				MACOSX_DEPLOYMENT_TARGET = 10.4;
				SDKROOT = macosx;
				SKIP_INSTALL = YES;
				VALID_ARCHS = "i386 x86_64 ppc";
				WRAPPER_EXTENSION = framework;
			};
			name = Debug;
		};
		1DEB91AF08733DA50010E9CD /* Release */ = {
			isa = XCBuildConfiguration;
			buildSettings = {
				ALWAYS_SEARCH_USER_PATHS = NO;
				ARCHS = "$(ARCHS_STANDARD_32_BIT)";
				COMBINE_HIDPI_IMAGES = YES;
				DEBUG_INFORMATION_FORMAT = dwarf;
				DEPLOYMENT_LOCATION = YES;
				DSTROOT = /;
				DYLIB_COMPATIBILITY_VERSION = 1;
				DYLIB_CURRENT_VERSION = 1;
				FRAMEWORK_VERSION = A;
				GCC_MODEL_TUNING = G5;
				GCC_PREPROCESSOR_DEFINITIONS = (
					USE_TINYXML,
					"$(inherited)",
				);
				GCC_VERSION = com.apple.compilers.llvmgcc42;
				INFOPLIST_FILE = Info.plist;
				INSTALL_PATH = "$(LOCAL_LIBRARY_DIR)/Frameworks";
				LD_DYLIB_INSTALL_NAME = "@executable_path/../Frameworks/$(EXECUTABLE_PATH)";
				MACOSX_DEPLOYMENT_TARGET = 10.4;
				SDKROOT = macosx;
				SKIP_INSTALL = YES;
				VALID_ARCHS = "i386 x86_64 ppc";
				WRAPPER_EXTENSION = framework;
			};
			name = Release;
		};
		1DEB91B208733DA50010E9CD /* Debug */ = {
			isa = XCBuildConfiguration;
			buildSettings = {
				ARCHS = "$(ARCHS_STANDARD_32_BIT)";
				GCC_C_LANGUAGE_STANDARD = gnu99;
				GCC_OPTIMIZATION_LEVEL = 0;
				GCC_PREPROCESSOR_DEFINITIONS = _DEBUG;
				GCC_VERSION = 4.0;
				GCC_WARN_ABOUT_RETURN_TYPE = YES;
				GCC_WARN_UNUSED_VARIABLE = YES;
				HEADER_SEARCH_PATHS = (
					../../,
					"${SRCROOT}/../include",
					/usr/include/libxml2,
				);
				ONLY_ACTIVE_ARCH = YES;
				PRECOMPS_INCLUDE_HEADERS_FROM_BUILT_PRODUCTS_DIR = NO;
				PRODUCT_NAME = hlxml;
				SDKROOT = macosx;
			};
			name = Debug;
		};
		1DEB91B308733DA50010E9CD /* Release */ = {
			isa = XCBuildConfiguration;
			buildSettings = {
				ARCHS = "$(ARCHS_STANDARD_32_BIT)";
				GCC_C_LANGUAGE_STANDARD = gnu99;
				GCC_GENERATE_DEBUGGING_SYMBOLS = NO;
				GCC_VERSION = 4.0;
				GCC_WARN_ABOUT_RETURN_TYPE = YES;
				GCC_WARN_UNUSED_VARIABLE = YES;
				HEADER_SEARCH_PATHS = (
					../../,
					"${SRCROOT}/../include",
					/usr/include/libxml2,
				);
				PRECOMPS_INCLUDE_HEADERS_FROM_BUILT_PRODUCTS_DIR = NO;
				PRODUCT_NAME = hlxml;
				SDKROOT = macosx;
			};
			name = Release;
		};
		7F7A5603129D435000E0ED12 /* App Store */ = {
			isa = XCBuildConfiguration;
			buildSettings = {
				ARCHS = i386;
				GCC_C_LANGUAGE_STANDARD = gnu99;
				GCC_GENERATE_DEBUGGING_SYMBOLS = NO;
				GCC_VERSION = 4.2;
				GCC_WARN_ABOUT_RETURN_TYPE = YES;
				GCC_WARN_UNUSED_VARIABLE = YES;
				HEADER_SEARCH_PATHS = (
					../../,
					"${SRCROOT}/../include",
					/usr/include/libxml2,
				);
				PRECOMPS_INCLUDE_HEADERS_FROM_BUILT_PRODUCTS_DIR = NO;
				PRODUCT_NAME = hlxml;
				SDKROOT = macosx;
			};
			name = "App Store";
		};
		7F7A5604129D435000E0ED12 /* App Store */ = {
			isa = XCBuildConfiguration;
			buildSettings = {
				ALWAYS_SEARCH_USER_PATHS = NO;
				ARCHS = "$(ARCHS_STANDARD_32_BIT)";
				COMBINE_HIDPI_IMAGES = YES;
				DEBUG_INFORMATION_FORMAT = dwarf;
				DEPLOYMENT_LOCATION = YES;
				DSTROOT = /;
				DYLIB_COMPATIBILITY_VERSION = 1;
				DYLIB_CURRENT_VERSION = 1;
				FRAMEWORK_VERSION = A;
				GCC_MODEL_TUNING = G5;
				GCC_PREPROCESSOR_DEFINITIONS = (
					USE_TINYXML,
					"$(inherited)",
				);
				GCC_VERSION = com.apple.compilers.llvmgcc42;
				INFOPLIST_FILE = Info.plist;
				INSTALL_PATH = "$(LOCAL_LIBRARY_DIR)/Frameworks";
				LD_DYLIB_INSTALL_NAME = "@executable_path/../Frameworks/$(EXECUTABLE_PATH)";
				MACOSX_DEPLOYMENT_TARGET = 10.4;
				SDKROOT = macosx;
				SKIP_INSTALL = YES;
				VALID_ARCHS = "i386 x86_64 ppc";
				WRAPPER_EXTENSION = framework;
			};
			name = "App Store";
		};
		C935CE911506144500AE8B67 /* Debug */ = {
			isa = XCBuildConfiguration;
			buildSettings = {
				ALWAYS_SEARCH_USER_PATHS = NO;
				ARCHS = "$(ARCHS_STANDARD_32_BIT)";
				COMBINE_HIDPI_IMAGES = YES;
				COPY_PHASE_STRIP = NO;
				DEPLOYMENT_LOCATION = YES;
				DSTROOT = /;
				DYLIB_COMPATIBILITY_VERSION = 1;
				DYLIB_CURRENT_VERSION = 1;
				FRAMEWORK_VERSION = A;
				GCC_DYNAMIC_NO_PIC = NO;
				GCC_MODEL_TUNING = G5;
				GCC_OPTIMIZATION_LEVEL = 0;
				GCC_PREPROCESSOR_DEFINITIONS = (
					USE_LIBXML2,
					"$(inherited)",
				);
				GCC_VERSION = com.apple.compilers.llvmgcc42;
				INFOPLIST_FILE = Info.plist;
				INSTALL_PATH = "$(LOCAL_LIBRARY_DIR)/Frameworks";
				LD_DYLIB_INSTALL_NAME = "@executable_path/../Frameworks/$(EXECUTABLE_PATH)";
				MACOSX_DEPLOYMENT_TARGET = 10.4;
				OTHER_LDFLAGS = "-lxml2";
				PRODUCT_NAME = hlxml;
				SDKROOT = macosx;
				SKIP_INSTALL = YES;
				VALID_ARCHS = "i386 x86_64 ppc";
				WRAPPER_EXTENSION = framework;
			};
			name = Debug;
		};
		C935CE921506144500AE8B67 /* Debug-LLVM */ = {
			isa = XCBuildConfiguration;
			buildSettings = {
				ALWAYS_SEARCH_USER_PATHS = NO;
				ARCHS = "$(ARCHS_STANDARD_32_BIT)";
				COMBINE_HIDPI_IMAGES = YES;
				COPY_PHASE_STRIP = NO;
				DEPLOYMENT_LOCATION = YES;
				DSTROOT = /;
				DYLIB_COMPATIBILITY_VERSION = 1;
				DYLIB_CURRENT_VERSION = 1;
				FRAMEWORK_VERSION = A;
				GCC_DYNAMIC_NO_PIC = NO;
				GCC_MODEL_TUNING = G5;
				GCC_OPTIMIZATION_LEVEL = 0;
				GCC_PREPROCESSOR_DEFINITIONS = (
					USE_LIBXML2,
					"$(inherited)",
				);
				GCC_VERSION = "";
				INFOPLIST_FILE = Info.plist;
				INSTALL_PATH = "$(LOCAL_LIBRARY_DIR)/Frameworks";
				LD_DYLIB_INSTALL_NAME = "@executable_path/../Frameworks/$(EXECUTABLE_PATH)";
				MACOSX_DEPLOYMENT_TARGET = 10.4;
				OTHER_LDFLAGS = "-lxml2";
				PRODUCT_NAME = hlxml;
				SDKROOT = macosx;
				SKIP_INSTALL = YES;
				VALID_ARCHS = "i386 x86_64 ppc";
				WRAPPER_EXTENSION = framework;
			};
			name = "Debug-LLVM";
		};
		C935CE931506144500AE8B67 /* Release */ = {
			isa = XCBuildConfiguration;
			buildSettings = {
				ALWAYS_SEARCH_USER_PATHS = NO;
				ARCHS = "$(ARCHS_STANDARD_32_BIT)";
				COMBINE_HIDPI_IMAGES = YES;
				DEBUG_INFORMATION_FORMAT = dwarf;
				DEPLOYMENT_LOCATION = YES;
				DSTROOT = /;
				DYLIB_COMPATIBILITY_VERSION = 1;
				DYLIB_CURRENT_VERSION = 1;
				FRAMEWORK_VERSION = A;
				GCC_MODEL_TUNING = G5;
				GCC_PREPROCESSOR_DEFINITIONS = (
					USE_LIBXML2,
					"$(inherited)",
				);
				GCC_VERSION = com.apple.compilers.llvmgcc42;
				INFOPLIST_FILE = Info.plist;
				INSTALL_PATH = "$(LOCAL_LIBRARY_DIR)/Frameworks";
				LD_DYLIB_INSTALL_NAME = "@executable_path/../Frameworks/$(EXECUTABLE_PATH)";
				MACOSX_DEPLOYMENT_TARGET = 10.4;
				OTHER_LDFLAGS = "-lxml2";
				PRODUCT_NAME = hlxml;
				SDKROOT = macosx;
				SKIP_INSTALL = YES;
				VALID_ARCHS = "i386 x86_64 ppc";
				WRAPPER_EXTENSION = framework;
			};
			name = Release;
		};
		C935CE941506144500AE8B67 /* Release-LLVM */ = {
			isa = XCBuildConfiguration;
			buildSettings = {
				ALWAYS_SEARCH_USER_PATHS = NO;
				ARCHS = "$(ARCHS_STANDARD_32_BIT)";
				COMBINE_HIDPI_IMAGES = YES;
				DEBUG_INFORMATION_FORMAT = dwarf;
				DEPLOYMENT_LOCATION = YES;
				DSTROOT = /;
				DYLIB_COMPATIBILITY_VERSION = 1;
				DYLIB_CURRENT_VERSION = 1;
				FRAMEWORK_VERSION = A;
				GCC_MODEL_TUNING = G5;
				GCC_PREPROCESSOR_DEFINITIONS = (
					USE_LIBXML2,
					"$(inherited)",
				);
				GCC_VERSION = "";
				INFOPLIST_FILE = Info.plist;
				INSTALL_PATH = "$(LOCAL_LIBRARY_DIR)/Frameworks";
				LD_DYLIB_INSTALL_NAME = "@executable_path/../Frameworks/$(EXECUTABLE_PATH)";
				MACOSX_DEPLOYMENT_TARGET = 10.4;
				OTHER_LDFLAGS = "-lxml2";
				PRODUCT_NAME = hlxml;
				SDKROOT = macosx;
				SKIP_INSTALL = YES;
				VALID_ARCHS = "i386 x86_64 ppc";
				WRAPPER_EXTENSION = framework;
			};
			name = "Release-LLVM";
		};
		C935CE951506144500AE8B67 /* App Store */ = {
			isa = XCBuildConfiguration;
			buildSettings = {
				ALWAYS_SEARCH_USER_PATHS = NO;
				ARCHS = "$(ARCHS_STANDARD_32_BIT)";
				COMBINE_HIDPI_IMAGES = YES;
				DEBUG_INFORMATION_FORMAT = dwarf;
				DEPLOYMENT_LOCATION = YES;
				DSTROOT = /;
				DYLIB_COMPATIBILITY_VERSION = 1;
				DYLIB_CURRENT_VERSION = 1;
				FRAMEWORK_VERSION = A;
				GCC_MODEL_TUNING = G5;
				GCC_PREPROCESSOR_DEFINITIONS = (
					USE_LIBXML2,
					"$(inherited)",
				);
				GCC_VERSION = com.apple.compilers.llvmgcc42;
				INFOPLIST_FILE = Info.plist;
				INSTALL_PATH = "$(LOCAL_LIBRARY_DIR)/Frameworks";
				LD_DYLIB_INSTALL_NAME = "@executable_path/../Frameworks/$(EXECUTABLE_PATH)";
				MACOSX_DEPLOYMENT_TARGET = 10.4;
				OTHER_LDFLAGS = "-lxml2";
				PRODUCT_NAME = hlxml;
				SDKROOT = macosx;
				SKIP_INSTALL = YES;
				VALID_ARCHS = "i386 x86_64 ppc";
				WRAPPER_EXTENSION = framework;
			};
			name = "App Store";
		};
		C935CEAE150615AE00AE8B67 /* Debug */ = {
			isa = XCBuildConfiguration;
			buildSettings = {
				ALWAYS_SEARCH_USER_PATHS = NO;
				ARCHS = (
					armv6,
					armv7,
				);
				COPY_PHASE_STRIP = NO;
				DSTROOT = /tmp/libhlxml_ios.dst;
				GCC_DYNAMIC_NO_PIC = NO;
				GCC_OPTIMIZATION_LEVEL = 0;
				GCC_PRECOMPILE_PREFIX_HEADER = YES;
				GCC_PREFIX_HEADER = "";
				GCC_PREPROCESSOR_DEFINITIONS = (
					USE_LIBXML2,
					"$(inherited)",
				);
				GCC_SYMBOLS_PRIVATE_EXTERN = NO;
				GCC_THUMB_SUPPORT = NO;
				GCC_VERSION = com.apple.compilers.llvmgcc42;
				GCC_WARN_ABOUT_MISSING_PROTOTYPES = YES;
				IPHONEOS_DEPLOYMENT_TARGET = 3.0;
				OTHER_LDFLAGS = "-ObjC";
				PRODUCT_NAME = hlxml;
				SDKROOT = iphoneos;
				SKIP_INSTALL = YES;
			};
			name = Debug;
		};
		C935CEAF150615AE00AE8B67 /* Debug-LLVM */ = {
			isa = XCBuildConfiguration;
			buildSettings = {
				ALWAYS_SEARCH_USER_PATHS = NO;
				ARCHS = (
					armv6,
					armv7,
				);
				COPY_PHASE_STRIP = NO;
				DSTROOT = /tmp/libhlxml_ios.dst;
				GCC_DYNAMIC_NO_PIC = NO;
				GCC_OPTIMIZATION_LEVEL = 0;
				GCC_PRECOMPILE_PREFIX_HEADER = YES;
				GCC_PREFIX_HEADER = "";
				GCC_PREPROCESSOR_DEFINITIONS = (
					USE_LIBXML2,
					"$(inherited)",
				);
				GCC_SYMBOLS_PRIVATE_EXTERN = NO;
				GCC_THUMB_SUPPORT = NO;
				GCC_VERSION = "";
				GCC_WARN_ABOUT_MISSING_PROTOTYPES = YES;
				IPHONEOS_DEPLOYMENT_TARGET = 3.0;
				OTHER_LDFLAGS = "-ObjC";
				PRODUCT_NAME = hlxml;
				SDKROOT = iphoneos;
				SKIP_INSTALL = YES;
			};
			name = "Debug-LLVM";
		};
		C935CEB0150615AE00AE8B67 /* Release */ = {
			isa = XCBuildConfiguration;
			buildSettings = {
				ALWAYS_SEARCH_USER_PATHS = NO;
				ARCHS = (
					armv6,
					armv7,
				);
				COPY_PHASE_STRIP = YES;
				DSTROOT = /tmp/libhlxml_ios.dst;
				GCC_OPTIMIZATION_LEVEL = 0;
				GCC_PRECOMPILE_PREFIX_HEADER = YES;
				GCC_PREFIX_HEADER = "";
				GCC_PREPROCESSOR_DEFINITIONS = (
					USE_LIBXML2,
					"$(inherited)",
				);
				GCC_THUMB_SUPPORT = NO;
				GCC_VERSION = com.apple.compilers.llvmgcc42;
				GCC_WARN_ABOUT_MISSING_PROTOTYPES = YES;
				IPHONEOS_DEPLOYMENT_TARGET = 3.0;
				OTHER_LDFLAGS = "-ObjC";
				PRODUCT_NAME = hlxml;
				SDKROOT = iphoneos;
				SKIP_INSTALL = YES;
				VALIDATE_PRODUCT = YES;
			};
			name = Release;
		};
		C935CEB1150615AE00AE8B67 /* Release-LLVM */ = {
			isa = XCBuildConfiguration;
			buildSettings = {
				ALWAYS_SEARCH_USER_PATHS = NO;
				ARCHS = (
					armv6,
					armv7,
				);
				COPY_PHASE_STRIP = YES;
				DSTROOT = /tmp/libhlxml_ios.dst;
				GCC_OPTIMIZATION_LEVEL = 0;
				GCC_PRECOMPILE_PREFIX_HEADER = YES;
				GCC_PREFIX_HEADER = "";
				GCC_PREPROCESSOR_DEFINITIONS = (
					USE_LIBXML2,
					"$(inherited)",
				);
				GCC_THUMB_SUPPORT = NO;
				GCC_VERSION = "";
				GCC_WARN_ABOUT_MISSING_PROTOTYPES = YES;
				IPHONEOS_DEPLOYMENT_TARGET = 3.0;
				OTHER_LDFLAGS = "-ObjC";
				PRODUCT_NAME = hlxml;
				SDKROOT = iphoneos;
				SKIP_INSTALL = YES;
				VALIDATE_PRODUCT = YES;
			};
			name = "Release-LLVM";
		};
		C935CEB2150615AE00AE8B67 /* App Store */ = {
			isa = XCBuildConfiguration;
			buildSettings = {
				ALWAYS_SEARCH_USER_PATHS = NO;
				ARCHS = (
					armv6,
					armv7,
				);
				COPY_PHASE_STRIP = YES;
				DSTROOT = /tmp/libhlxml_ios.dst;
				GCC_OPTIMIZATION_LEVEL = 0;
				GCC_PRECOMPILE_PREFIX_HEADER = YES;
				GCC_PREFIX_HEADER = "";
				GCC_PREPROCESSOR_DEFINITIONS = (
					USE_LIBXML2,
					"$(inherited)",
				);
				GCC_THUMB_SUPPORT = NO;
				GCC_VERSION = com.apple.compilers.llvmgcc42;
				GCC_WARN_ABOUT_MISSING_PROTOTYPES = YES;
				IPHONEOS_DEPLOYMENT_TARGET = 3.0;
				OTHER_LDFLAGS = "-ObjC";
				PRODUCT_NAME = hlxml;
				SDKROOT = iphoneos;
				SKIP_INSTALL = YES;
				VALIDATE_PRODUCT = YES;
			};
			name = "App Store";
		};
		C981CCAD132AE98F0072B5A9 /* Debug-LLVM */ = {
			isa = XCBuildConfiguration;
			buildSettings = {
				ARCHS = "$(ARCHS_STANDARD_32_BIT)";
				GCC_C_LANGUAGE_STANDARD = gnu99;
				GCC_OPTIMIZATION_LEVEL = 0;
				GCC_PREPROCESSOR_DEFINITIONS = _DEBUG;
				GCC_VERSION = 4.0;
				GCC_WARN_ABOUT_RETURN_TYPE = YES;
				GCC_WARN_UNUSED_VARIABLE = YES;
				HEADER_SEARCH_PATHS = (
					../../,
					"${SRCROOT}/../include",
					/usr/include/libxml2,
				);
				ONLY_ACTIVE_ARCH = YES;
				PRECOMPS_INCLUDE_HEADERS_FROM_BUILT_PRODUCTS_DIR = NO;
				PRODUCT_NAME = hlxml;
				SDKROOT = macosx;
			};
			name = "Debug-LLVM";
		};
		C981CCAE132AE98F0072B5A9 /* Debug-LLVM */ = {
			isa = XCBuildConfiguration;
			buildSettings = {
				ALWAYS_SEARCH_USER_PATHS = NO;
				ARCHS = "$(ARCHS_STANDARD_32_BIT)";
				COMBINE_HIDPI_IMAGES = YES;
				COPY_PHASE_STRIP = NO;
				DEPLOYMENT_LOCATION = YES;
				DSTROOT = /;
				DYLIB_COMPATIBILITY_VERSION = 1;
				DYLIB_CURRENT_VERSION = 1;
				FRAMEWORK_VERSION = A;
				GCC_DYNAMIC_NO_PIC = NO;
				GCC_MODEL_TUNING = G5;
				GCC_OPTIMIZATION_LEVEL = 0;
				GCC_PREPROCESSOR_DEFINITIONS = (
					USE_TINYXML,
					"$(inherited)",
				);
				GCC_VERSION = "";
				INFOPLIST_FILE = Info.plist;
				INSTALL_PATH = "$(LOCAL_LIBRARY_DIR)/Frameworks";
				LD_DYLIB_INSTALL_NAME = "@executable_path/../Frameworks/$(EXECUTABLE_PATH)";
				MACOSX_DEPLOYMENT_TARGET = 10.4;
				SDKROOT = macosx;
				SKIP_INSTALL = YES;
				VALID_ARCHS = "i386 x86_64 ppc";
				WRAPPER_EXTENSION = framework;
			};
			name = "Debug-LLVM";
		};
		C981CCAF132AE9960072B5A9 /* Release-LLVM */ = {
			isa = XCBuildConfiguration;
			buildSettings = {
				ARCHS = "$(ARCHS_STANDARD_32_BIT)";
				GCC_C_LANGUAGE_STANDARD = gnu99;
				GCC_GENERATE_DEBUGGING_SYMBOLS = NO;
				GCC_VERSION = 4.0;
				GCC_WARN_ABOUT_RETURN_TYPE = YES;
				GCC_WARN_UNUSED_VARIABLE = YES;
				HEADER_SEARCH_PATHS = (
					../../,
					"${SRCROOT}/../include",
					/usr/include/libxml2,
				);
				PRECOMPS_INCLUDE_HEADERS_FROM_BUILT_PRODUCTS_DIR = NO;
				PRODUCT_NAME = hlxml;
				SDKROOT = macosx;
			};
			name = "Release-LLVM";
		};
		C981CCB0132AE9960072B5A9 /* Release-LLVM */ = {
			isa = XCBuildConfiguration;
			buildSettings = {
				ALWAYS_SEARCH_USER_PATHS = NO;
				ARCHS = "$(ARCHS_STANDARD_32_BIT)";
				COMBINE_HIDPI_IMAGES = YES;
				DEBUG_INFORMATION_FORMAT = dwarf;
				DEPLOYMENT_LOCATION = YES;
				DSTROOT = /;
				DYLIB_COMPATIBILITY_VERSION = 1;
				DYLIB_CURRENT_VERSION = 1;
				FRAMEWORK_VERSION = A;
				GCC_MODEL_TUNING = G5;
				GCC_PREPROCESSOR_DEFINITIONS = (
					USE_TINYXML,
					"$(inherited)",
				);
				GCC_VERSION = "";
				INFOPLIST_FILE = Info.plist;
				INSTALL_PATH = "$(LOCAL_LIBRARY_DIR)/Frameworks";
				LD_DYLIB_INSTALL_NAME = "@executable_path/../Frameworks/$(EXECUTABLE_PATH)";
				MACOSX_DEPLOYMENT_TARGET = 10.4;
				SDKROOT = macosx;
				SKIP_INSTALL = YES;
				VALID_ARCHS = "i386 x86_64 ppc";
				WRAPPER_EXTENSION = framework;
			};
			name = "Release-LLVM";
		};
		D1E1DD73140E58E700499A97 /* Debug */ = {
			isa = XCBuildConfiguration;
			buildSettings = {
				ALWAYS_SEARCH_USER_PATHS = NO;
				ARCHS = (
					armv6,
					armv7,
				);
				COPY_PHASE_STRIP = NO;
				DSTROOT = /tmp/libhlxml_ios.dst;
				GCC_DYNAMIC_NO_PIC = NO;
				GCC_OPTIMIZATION_LEVEL = 0;
				GCC_PRECOMPILE_PREFIX_HEADER = YES;
				GCC_PREFIX_HEADER = "";
				GCC_PREPROCESSOR_DEFINITIONS = (
					USE_TINYXML,
					"$(inherited)",
				);
				GCC_SYMBOLS_PRIVATE_EXTERN = NO;
				GCC_THUMB_SUPPORT = NO;
				GCC_VERSION = com.apple.compilers.llvmgcc42;
				GCC_WARN_ABOUT_MISSING_PROTOTYPES = YES;
				IPHONEOS_DEPLOYMENT_TARGET = 3.0;
				OTHER_LDFLAGS = "-ObjC";
				PRODUCT_NAME = hlxml;
				SDKROOT = iphoneos;
				SKIP_INSTALL = YES;
			};
			name = Debug;
		};
		D1E1DD74140E58E700499A97 /* Debug-LLVM */ = {
			isa = XCBuildConfiguration;
			buildSettings = {
				ALWAYS_SEARCH_USER_PATHS = NO;
				ARCHS = (
					armv6,
					armv7,
				);
				COPY_PHASE_STRIP = NO;
				DSTROOT = /tmp/libhlxml_ios.dst;
				GCC_DYNAMIC_NO_PIC = NO;
				GCC_OPTIMIZATION_LEVEL = 0;
				GCC_PRECOMPILE_PREFIX_HEADER = YES;
				GCC_PREFIX_HEADER = "";
				GCC_PREPROCESSOR_DEFINITIONS = (
					USE_TINYXML,
					"$(inherited)",
				);
				GCC_SYMBOLS_PRIVATE_EXTERN = NO;
				GCC_THUMB_SUPPORT = NO;
				GCC_VERSION = "";
				GCC_WARN_ABOUT_MISSING_PROTOTYPES = YES;
				IPHONEOS_DEPLOYMENT_TARGET = 3.0;
				OTHER_LDFLAGS = "-ObjC";
				PRODUCT_NAME = hlxml;
				SDKROOT = iphoneos;
				SKIP_INSTALL = YES;
			};
			name = "Debug-LLVM";
		};
		D1E1DD75140E58E700499A97 /* Release */ = {
			isa = XCBuildConfiguration;
			buildSettings = {
				ALWAYS_SEARCH_USER_PATHS = NO;
				ARCHS = (
					armv6,
					armv7,
				);
				COPY_PHASE_STRIP = YES;
				DSTROOT = /tmp/libhlxml_ios.dst;
				GCC_OPTIMIZATION_LEVEL = 0;
				GCC_PRECOMPILE_PREFIX_HEADER = YES;
				GCC_PREFIX_HEADER = "";
				GCC_PREPROCESSOR_DEFINITIONS = (
					USE_TINYXML,
					"$(inherited)",
				);
				GCC_THUMB_SUPPORT = NO;
				GCC_VERSION = com.apple.compilers.llvmgcc42;
				GCC_WARN_ABOUT_MISSING_PROTOTYPES = YES;
				IPHONEOS_DEPLOYMENT_TARGET = 3.0;
				OTHER_LDFLAGS = "-ObjC";
				PRODUCT_NAME = hlxml;
				SDKROOT = iphoneos;
				SKIP_INSTALL = YES;
				VALIDATE_PRODUCT = YES;
			};
			name = Release;
		};
		D1E1DD76140E58E700499A97 /* Release-LLVM */ = {
			isa = XCBuildConfiguration;
			buildSettings = {
				ALWAYS_SEARCH_USER_PATHS = NO;
				ARCHS = (
					armv6,
					armv7,
				);
				COPY_PHASE_STRIP = YES;
				DSTROOT = /tmp/libhlxml_ios.dst;
				GCC_OPTIMIZATION_LEVEL = 0;
				GCC_PRECOMPILE_PREFIX_HEADER = YES;
				GCC_PREFIX_HEADER = "";
				GCC_PREPROCESSOR_DEFINITIONS = (
					USE_TINYXML,
					"$(inherited)",
				);
				GCC_THUMB_SUPPORT = NO;
				GCC_VERSION = "";
				GCC_WARN_ABOUT_MISSING_PROTOTYPES = YES;
				IPHONEOS_DEPLOYMENT_TARGET = 3.0;
				OTHER_LDFLAGS = "-ObjC";
				PRODUCT_NAME = hlxml;
				SDKROOT = iphoneos;
				SKIP_INSTALL = YES;
				VALIDATE_PRODUCT = YES;
			};
			name = "Release-LLVM";
		};
		D1E1DD77140E58E700499A97 /* App Store */ = {
			isa = XCBuildConfiguration;
			buildSettings = {
				ALWAYS_SEARCH_USER_PATHS = NO;
				ARCHS = (
					armv6,
					armv7,
				);
				COPY_PHASE_STRIP = YES;
				DSTROOT = /tmp/libhlxml_ios.dst;
				GCC_OPTIMIZATION_LEVEL = 0;
				GCC_PRECOMPILE_PREFIX_HEADER = YES;
				GCC_PREFIX_HEADER = "";
				GCC_PREPROCESSOR_DEFINITIONS = (
					USE_TINYXML,
					"$(inherited)",
				);
				GCC_THUMB_SUPPORT = NO;
				GCC_VERSION = com.apple.compilers.llvmgcc42;
				GCC_WARN_ABOUT_MISSING_PROTOTYPES = YES;
				IPHONEOS_DEPLOYMENT_TARGET = 3.0;
				OTHER_LDFLAGS = "-ObjC";
				PRODUCT_NAME = hlxml;
				SDKROOT = iphoneos;
				SKIP_INSTALL = YES;
				VALIDATE_PRODUCT = YES;
			};
			name = "App Store";
		};
/* End XCBuildConfiguration section */

/* Begin XCConfigurationList section */
		1DEB91AD08733DA50010E9CD /* Build configuration list for PBXNativeTarget "hlxml (tinyxml)" */ = {
			isa = XCConfigurationList;
			buildConfigurations = (
				1DEB91AE08733DA50010E9CD /* Debug */,
				C981CCAE132AE98F0072B5A9 /* Debug-LLVM */,
				1DEB91AF08733DA50010E9CD /* Release */,
				C981CCB0132AE9960072B5A9 /* Release-LLVM */,
				7F7A5604129D435000E0ED12 /* App Store */,
			);
			defaultConfigurationIsVisible = 0;
			defaultConfigurationName = Release;
		};
		1DEB91B108733DA50010E9CD /* Build configuration list for PBXProject "hlxml" */ = {
			isa = XCConfigurationList;
			buildConfigurations = (
				1DEB91B208733DA50010E9CD /* Debug */,
				C981CCAD132AE98F0072B5A9 /* Debug-LLVM */,
				1DEB91B308733DA50010E9CD /* Release */,
				C981CCAF132AE9960072B5A9 /* Release-LLVM */,
				7F7A5603129D435000E0ED12 /* App Store */,
			);
			defaultConfigurationIsVisible = 0;
			defaultConfigurationName = Release;
		};
		C935CE901506144500AE8B67 /* Build configuration list for PBXNativeTarget "hlxml (libxml2)" */ = {
			isa = XCConfigurationList;
			buildConfigurations = (
				C935CE911506144500AE8B67 /* Debug */,
				C935CE921506144500AE8B67 /* Debug-LLVM */,
				C935CE931506144500AE8B67 /* Release */,
				C935CE941506144500AE8B67 /* Release-LLVM */,
				C935CE951506144500AE8B67 /* App Store */,
			);
			defaultConfigurationIsVisible = 0;
			defaultConfigurationName = Release;
		};
		C935CEAD150615AE00AE8B67 /* Build configuration list for PBXNativeTarget "hlxml (iOS libxml2)" */ = {
			isa = XCConfigurationList;
			buildConfigurations = (
				C935CEAE150615AE00AE8B67 /* Debug */,
				C935CEAF150615AE00AE8B67 /* Debug-LLVM */,
				C935CEB0150615AE00AE8B67 /* Release */,
				C935CEB1150615AE00AE8B67 /* Release-LLVM */,
				C935CEB2150615AE00AE8B67 /* App Store */,
			);
			defaultConfigurationIsVisible = 0;
			defaultConfigurationName = Release;
		};
		D1E1DD78140E58E700499A97 /* Build configuration list for PBXNativeTarget "hlxml (iOS tinyxml)" */ = {
			isa = XCConfigurationList;
			buildConfigurations = (
				D1E1DD73140E58E700499A97 /* Debug */,
				D1E1DD74140E58E700499A97 /* Debug-LLVM */,
				D1E1DD75140E58E700499A97 /* Release */,
				D1E1DD76140E58E700499A97 /* Release-LLVM */,
				D1E1DD77140E58E700499A97 /* App Store */,
			);
			defaultConfigurationIsVisible = 0;
			defaultConfigurationName = Release;
		};
/* End XCConfigurationList section */
	};
	rootObject = 0867D690FE84028FC02AAC07 /* Project object */;
}
