// !$*UTF8*$!
{
	archiveVersion = 1;
	classes = {
	};
	objectVersion = 46;
	objects = {

/* Begin PBXBuildFile section */
		C9F9315A14DA8CDF00954F90 /* hltypes.framework in Frameworks */ = {isa = PBXBuildFile; fileRef = C9F9315914DA8CDF00954F90 /* hltypes.framework */; };
		D1981C28140F80960057C3AF /* Document.cpp in Sources */ = {isa = PBXBuildFile; fileRef = D1E1DD7A140E593900499A97 /* Document.cpp */; };
		D1981C29140F80960057C3AF /* Exception.cpp in Sources */ = {isa = PBXBuildFile; fileRef = D1E1DD7B140E593900499A97 /* Exception.cpp */; };
		D1981C2A140F80960057C3AF /* Node.cpp in Sources */ = {isa = PBXBuildFile; fileRef = D1E1DD7C140E593900499A97 /* Node.cpp */; };
		D1E1DD7E140E593900499A97 /* Document.cpp in Sources */ = {isa = PBXBuildFile; fileRef = D1E1DD7A140E593900499A97 /* Document.cpp */; };
		D1E1DD7F140E593900499A97 /* Exception.cpp in Sources */ = {isa = PBXBuildFile; fileRef = D1E1DD7B140E593900499A97 /* Exception.cpp */; };
		D1E1DD80140E593900499A97 /* Node.cpp in Sources */ = {isa = PBXBuildFile; fileRef = D1E1DD7C140E593900499A97 /* Node.cpp */; };
		D1E1DD87140E594B00499A97 /* Document.h in Headers */ = {isa = PBXBuildFile; fileRef = D1E1DD82140E594B00499A97 /* Document.h */; settings = {ATTRIBUTES = (Public, ); }; };
		D1E1DD88140E594B00499A97 /* Exception.h in Headers */ = {isa = PBXBuildFile; fileRef = D1E1DD83140E594B00499A97 /* Exception.h */; settings = {ATTRIBUTES = (Public, ); }; };
		D1E1DD89140E594B00499A97 /* hlxmlExport.h in Headers */ = {isa = PBXBuildFile; fileRef = D1E1DD84140E594B00499A97 /* hlxmlExport.h */; settings = {ATTRIBUTES = (Public, ); }; };
		D1E1DD8A140E594B00499A97 /* Node.h in Headers */ = {isa = PBXBuildFile; fileRef = D1E1DD85140E594B00499A97 /* Node.h */; settings = {ATTRIBUTES = (Public, ); }; };
		D1F27AB2177A2D3C00E5C131 /* Document.cpp in Sources */ = {isa = PBXBuildFile; fileRef = D1E1DD7A140E593900499A97 /* Document.cpp */; };
		D1F27AB3177A2D3C00E5C131 /* Exception.cpp in Sources */ = {isa = PBXBuildFile; fileRef = D1E1DD7B140E593900499A97 /* Exception.cpp */; };
		D1F27AB4177A2D3C00E5C131 /* Node.cpp in Sources */ = {isa = PBXBuildFile; fileRef = D1E1DD7C140E593900499A97 /* Node.cpp */; };
/* End PBXBuildFile section */

/* Begin PBXFileReference section */
		7F42F71411EB111E00B1C1DF /* Info.plist */ = {isa = PBXFileReference; fileEncoding = 4; lastKnownFileType = text.plist.xml; path = Info.plist; sourceTree = "<group>"; };
		8DC2EF5B0486A6940098B216 /* hlxml.framework */ = {isa = PBXFileReference; explicitFileType = wrapper.framework; includeInIndex = 0; path = hlxml.framework; sourceTree = BUILT_PRODUCTS_DIR; };
		C9F9315914DA8CDF00954F90 /* hltypes.framework */ = {isa = PBXFileReference; lastKnownFileType = wrapper.framework; name = hltypes.framework; path = "../../__build__/angels/Build/Products/Debug-LLVM/hltypes.framework"; sourceTree = "<group>"; };
		D1681BA418D768190088FC68 /* iOS.xcconfig */ = {isa = PBXFileReference; lastKnownFileType = text.xcconfig; name = iOS.xcconfig; path = xcconfig/iOS.xcconfig; sourceTree = "<group>"; };
		D1681BA518D768190088FC68 /* Mac.xcconfig */ = {isa = PBXFileReference; lastKnownFileType = text.xcconfig; name = Mac.xcconfig; path = xcconfig/Mac.xcconfig; sourceTree = "<group>"; };
		D186227514F9630200639D7C /* tinyxml.framework */ = {isa = PBXFileReference; lastKnownFileType = wrapper.framework; name = tinyxml.framework; path = ../../tinyxml/build/Release/tinyxml.framework; sourceTree = "<group>"; };
		D1C1F0A31CD87B52002BC500 /* rapidxml_iterators.hpp */ = {isa = PBXFileReference; lastKnownFileType = sourcecode.cpp.h; name = rapidxml_iterators.hpp; path = ../lib/rapidxml/rapidxml_iterators.hpp; sourceTree = "<group>"; };
		D1C1F0A41CD87B52002BC500 /* rapidxml_print.hpp */ = {isa = PBXFileReference; lastKnownFileType = sourcecode.cpp.h; name = rapidxml_print.hpp; path = ../lib/rapidxml/rapidxml_print.hpp; sourceTree = "<group>"; };
		D1C1F0A51CD87B52002BC500 /* rapidxml_utils.hpp */ = {isa = PBXFileReference; lastKnownFileType = sourcecode.cpp.h; name = rapidxml_utils.hpp; path = ../lib/rapidxml/rapidxml_utils.hpp; sourceTree = "<group>"; };
		D1C1F0A61CD87B52002BC500 /* rapidxml.hpp */ = {isa = PBXFileReference; lastKnownFileType = sourcecode.cpp.h; name = rapidxml.hpp; path = ../lib/rapidxml/rapidxml.hpp; sourceTree = "<group>"; };
		D1E1DD69140E58E600499A97 /* libhlxml.a */ = {isa = PBXFileReference; explicitFileType = archive.ar; includeInIndex = 0; path = libhlxml.a; sourceTree = BUILT_PRODUCTS_DIR; };
		D1E1DD7A140E593900499A97 /* Document.cpp */ = {isa = PBXFileReference; fileEncoding = 4; lastKnownFileType = sourcecode.cpp.cpp; name = Document.cpp; path = src/Document.cpp; sourceTree = "<group>"; };
		D1E1DD7B140E593900499A97 /* Exception.cpp */ = {isa = PBXFileReference; fileEncoding = 4; lastKnownFileType = sourcecode.cpp.cpp; name = Exception.cpp; path = src/Exception.cpp; sourceTree = "<group>"; };
		D1E1DD7C140E593900499A97 /* Node.cpp */ = {isa = PBXFileReference; fileEncoding = 4; lastKnownFileType = sourcecode.cpp.cpp; name = Node.cpp; path = src/Node.cpp; sourceTree = "<group>"; };
		D1E1DD82140E594B00499A97 /* Document.h */ = {isa = PBXFileReference; fileEncoding = 4; lastKnownFileType = sourcecode.c.h; name = Document.h; path = include/hlxml/Document.h; sourceTree = "<group>"; };
		D1E1DD83140E594B00499A97 /* Exception.h */ = {isa = PBXFileReference; fileEncoding = 4; lastKnownFileType = sourcecode.c.h; name = Exception.h; path = include/hlxml/Exception.h; sourceTree = "<group>"; };
		D1E1DD84140E594B00499A97 /* hlxmlExport.h */ = {isa = PBXFileReference; fileEncoding = 4; lastKnownFileType = sourcecode.c.h; name = hlxmlExport.h; path = include/hlxml/hlxmlExport.h; sourceTree = "<group>"; };
		D1E1DD85140E594B00499A97 /* Node.h */ = {isa = PBXFileReference; fileEncoding = 4; lastKnownFileType = sourcecode.c.h; name = Node.h; path = include/hlxml/Node.h; sourceTree = "<group>"; };
		D1F27ABF177A2D3C00E5C131 /* libhlxml.a */ = {isa = PBXFileReference; explicitFileType = archive.ar; includeInIndex = 0; path = libhlxml.a; sourceTree = BUILT_PRODUCTS_DIR; };
/* End PBXFileReference section */

/* Begin PBXFrameworksBuildPhase section */
		8DC2EF560486A6940098B216 /* Frameworks */ = {
			isa = PBXFrameworksBuildPhase;
			buildActionMask = 2147483647;
			files = (
				C9F9315A14DA8CDF00954F90 /* hltypes.framework in Frameworks */,
			);
			runOnlyForDeploymentPostprocessing = 0;
		};
/* End PBXFrameworksBuildPhase section */

/* Begin PBXGroup section */
		034768DFFF38A50411DB9C8B /* Products */ = {
			isa = PBXGroup;
			children = (
				8DC2EF5B0486A6940098B216 /* hlxml.framework */,
				D1E1DD69140E58E600499A97 /* libhlxml.a */,
				D1F27ABF177A2D3C00E5C131 /* libhlxml.a */,
			);
			name = Products;
			sourceTree = "<group>";
		};
		0867D691FE84028FC02AAC07 /* libhlxml */ = {
			isa = PBXGroup;
			children = (
				D1681B7918D7628C0088FC68 /* config */,
				7F42F69C11EB0B9A00B1C1DF /* include */,
				7F42F69511EB0B8500B1C1DF /* src */,
				D1E1DD6A140E58E600499A97 /* Frameworks */,
				034768DFFF38A50411DB9C8B /* Products */,
			);
			name = libhlxml;
			sourceTree = "<group>";
		};
		7F42F69511EB0B8500B1C1DF /* src */ = {
			isa = PBXGroup;
			children = (
				D1C1F0A21CD87B36002BC500 /* rapidxml */,
				D1E1DD7A140E593900499A97 /* Document.cpp */,
				D1E1DD7B140E593900499A97 /* Exception.cpp */,
				D1E1DD7C140E593900499A97 /* Node.cpp */,
			);
			name = src;
			sourceTree = "<group>";
		};
		7F42F69C11EB0B9A00B1C1DF /* include */ = {
			isa = PBXGroup;
			children = (
				D1E1DD82140E594B00499A97 /* Document.h */,
				D1E1DD83140E594B00499A97 /* Exception.h */,
				D1E1DD84140E594B00499A97 /* hlxmlExport.h */,
				D1E1DD85140E594B00499A97 /* Node.h */,
			);
			name = include;
			sourceTree = "<group>";
		};
		D1681B7918D7628C0088FC68 /* config */ = {
			isa = PBXGroup;
			children = (
				D1681BA418D768190088FC68 /* iOS.xcconfig */,
				D1681BA518D768190088FC68 /* Mac.xcconfig */,
				7F42F71411EB111E00B1C1DF /* Info.plist */,
			);
			name = config;
			sourceTree = "<group>";
		};
		D1C1F0A21CD87B36002BC500 /* rapidxml */ = {
			isa = PBXGroup;
			children = (
				D1C1F0A31CD87B52002BC500 /* rapidxml_iterators.hpp */,
				D1C1F0A41CD87B52002BC500 /* rapidxml_print.hpp */,
				D1C1F0A51CD87B52002BC500 /* rapidxml_utils.hpp */,
				D1C1F0A61CD87B52002BC500 /* rapidxml.hpp */,
			);
			name = rapidxml;
			sourceTree = "<group>";
		};
		D1E1DD6A140E58E600499A97 /* Frameworks */ = {
			isa = PBXGroup;
			children = (
				D186227514F9630200639D7C /* tinyxml.framework */,
				C9F9315914DA8CDF00954F90 /* hltypes.framework */,
			);
			name = Frameworks;
			sourceTree = "<group>";
		};
/* End PBXGroup section */

/* Begin PBXHeadersBuildPhase section */
		8DC2EF500486A6940098B216 /* Headers */ = {
			isa = PBXHeadersBuildPhase;
			buildActionMask = 2147483647;
			files = (
				D1E1DD87140E594B00499A97 /* Document.h in Headers */,
				D1E1DD88140E594B00499A97 /* Exception.h in Headers */,
				D1E1DD89140E594B00499A97 /* hlxmlExport.h in Headers */,
				D1E1DD8A140E594B00499A97 /* Node.h in Headers */,
			);
			runOnlyForDeploymentPostprocessing = 0;
		};
/* End PBXHeadersBuildPhase section */

/* Begin PBXNativeTarget section */
		8DC2EF4F0486A6940098B216 /* hlxml (rapidxml) */ = {
			isa = PBXNativeTarget;
			buildConfigurationList = 1DEB91AD08733DA50010E9CD /* Build configuration list for PBXNativeTarget "hlxml (rapidxml)" */;
			buildPhases = (
				8DC2EF540486A6940098B216 /* Sources */,
				8DC2EF560486A6940098B216 /* Frameworks */,
				8DC2EF500486A6940098B216 /* Headers */,
			);
			buildRules = (
			);
			dependencies = (
			);
			name = "hlxml (rapidxml)";
			productInstallPath = "$(HOME)/Library/Frameworks";
			productName = libhlxml;
			productReference = 8DC2EF5B0486A6940098B216 /* hlxml.framework */;
			productType = "com.apple.product-type.framework";
		};
		D1E1DD68140E58E600499A97 /* hlxml (iOS rapidxml) */ = {
			isa = PBXNativeTarget;
			buildConfigurationList = D1E1DD78140E58E700499A97 /* Build configuration list for PBXNativeTarget "hlxml (iOS rapidxml)" */;
			buildPhases = (
				D1E1DD65140E58E600499A97 /* Sources */,
			);
			buildRules = (
			);
			dependencies = (
			);
			name = "hlxml (iOS rapidxml)";
			productName = "libhlxml-ios";
			productReference = D1E1DD69140E58E600499A97 /* libhlxml.a */;
			productType = "com.apple.product-type.library.static";
		};
		D1F27AB0177A2D3C00E5C131 /* hlxml (Mac rapidxml) */ = {
			isa = PBXNativeTarget;
			buildConfigurationList = D1F27AB9177A2D3C00E5C131 /* Build configuration list for PBXNativeTarget "hlxml (Mac rapidxml)" */;
			buildPhases = (
				D1F27AB1177A2D3C00E5C131 /* Sources */,
			);
			buildRules = (
			);
			dependencies = (
			);
			name = "hlxml (Mac rapidxml)";
			productName = "libhlxml-ios";
			productReference = D1F27ABF177A2D3C00E5C131 /* libhlxml.a */;
			productType = "com.apple.product-type.library.static";
		};
/* End PBXNativeTarget section */

/* Begin PBXProject section */
		0867D690FE84028FC02AAC07 /* Project object */ = {
			isa = PBXProject;
			attributes = {
				LastUpgradeCheck = 0940;
			};
			buildConfigurationList = 1DEB91B108733DA50010E9CD /* Build configuration list for PBXProject "hlxml" */;
			compatibilityVersion = "Xcode 3.2";
			developmentRegion = English;
			hasScannedForEncodings = 1;
			knownRegions = (
				English,
				Japanese,
				French,
				German,
			);
			mainGroup = 0867D691FE84028FC02AAC07 /* libhlxml */;
			productRefGroup = 034768DFFF38A50411DB9C8B /* Products */;
			projectDirPath = "";
			projectRoot = "";
			targets = (
				8DC2EF4F0486A6940098B216 /* hlxml (rapidxml) */,
				D1F27AB0177A2D3C00E5C131 /* hlxml (Mac rapidxml) */,
				D1E1DD68140E58E600499A97 /* hlxml (iOS rapidxml) */,
			);
		};
/* End PBXProject section */

/* Begin PBXSourcesBuildPhase section */
		8DC2EF540486A6940098B216 /* Sources */ = {
			isa = PBXSourcesBuildPhase;
			buildActionMask = 2147483647;
			files = (
				D1E1DD7E140E593900499A97 /* Document.cpp in Sources */,
				D1E1DD7F140E593900499A97 /* Exception.cpp in Sources */,
				D1E1DD80140E593900499A97 /* Node.cpp in Sources */,
			);
			runOnlyForDeploymentPostprocessing = 0;
		};
		D1E1DD65140E58E600499A97 /* Sources */ = {
			isa = PBXSourcesBuildPhase;
			buildActionMask = 2147483647;
			files = (
				D1981C28140F80960057C3AF /* Document.cpp in Sources */,
				D1981C29140F80960057C3AF /* Exception.cpp in Sources */,
				D1981C2A140F80960057C3AF /* Node.cpp in Sources */,
			);
			runOnlyForDeploymentPostprocessing = 0;
		};
		D1F27AB1177A2D3C00E5C131 /* Sources */ = {
			isa = PBXSourcesBuildPhase;
			buildActionMask = 2147483647;
			files = (
				D1F27AB2177A2D3C00E5C131 /* Document.cpp in Sources */,
				D1F27AB3177A2D3C00E5C131 /* Exception.cpp in Sources */,
				D1F27AB4177A2D3C00E5C131 /* Node.cpp in Sources */,
			);
			runOnlyForDeploymentPostprocessing = 0;
		};
/* End PBXSourcesBuildPhase section */

/* Begin XCBuildConfiguration section */
		7F7A5603129D435000E0ED12 /* App Store */ = {
			isa = XCBuildConfiguration;
			buildSettings = {
				CLANG_WARN_BOOL_CONVERSION = YES;
				CLANG_WARN_CONSTANT_CONVERSION = YES;
				CLANG_WARN_EMPTY_BODY = YES;
				CLANG_WARN_ENUM_CONVERSION = YES;
				CLANG_WARN_INFINITE_RECURSION = YES;
				CLANG_WARN_INT_CONVERSION = YES;
				CLANG_WARN_SUSPICIOUS_MOVE = YES;
				CLANG_WARN_UNREACHABLE_CODE = YES;
				CLANG_WARN__DUPLICATE_METHOD_MATCH = YES;
				ENABLE_STRICT_OBJC_MSGSEND = YES;
				GCC_NO_COMMON_BLOCKS = YES;
				GCC_WARN_64_TO_32_BIT_CONVERSION = YES;
				GCC_WARN_ABOUT_RETURN_TYPE = YES;
				GCC_WARN_UNDECLARED_SELECTOR = YES;
				GCC_WARN_UNINITIALIZED_AUTOS = YES;
				GCC_WARN_UNUSED_FUNCTION = YES;
				GCC_WARN_UNUSED_VARIABLE = YES;
				HEADER_SEARCH_PATHS = (
					"${SRCROOT}/../../rapidxml",
					"${SRCROOT}/../include",
					"${SRCROOT}/../lib/rapidxml",
				);
				PRODUCT_NAME = hlxml;
			};
			name = "App Store";
		};
		7F7A5604129D435000E0ED12 /* App Store */ = {
			isa = XCBuildConfiguration;
			baseConfigurationReference = D1681BA518D768190088FC68 /* Mac.xcconfig */;
			buildSettings = {
				ALWAYS_SEARCH_USER_PATHS = NO;
				GCC_PREPROCESSOR_DEFINITIONS = (
					_MAC,
					"$(inherited)",
				);
				HEADER_SEARCH_PATHS = (
					"${SRCROOT}/../../rapidxml",
					"${SRCROOT}/../include",
					"${SRCROOT}/../lib/rapidxml",
				);
				INFOPLIST_FILE = Info.plist;
				LD_DYLIB_INSTALL_NAME = "@executable_path/../Frameworks/$(EXECUTABLE_PATH)";
				PRODUCT_BUNDLE_IDENTIFIER = "com.googlecode.${PRODUCT_NAME:rfc1034Identifier}";
				SKIP_INSTALL = YES;
				WRAPPER_EXTENSION = framework;
			};
			name = "App Store";
		};
		C981CCAD132AE98F0072B5A9 /* Debug */ = {
			isa = XCBuildConfiguration;
			buildSettings = {
				CLANG_WARN_BOOL_CONVERSION = YES;
				CLANG_WARN_CONSTANT_CONVERSION = YES;
				CLANG_WARN_EMPTY_BODY = YES;
				CLANG_WARN_ENUM_CONVERSION = YES;
				CLANG_WARN_INFINITE_RECURSION = YES;
				CLANG_WARN_INT_CONVERSION = YES;
				CLANG_WARN_SUSPICIOUS_MOVE = YES;
				CLANG_WARN_UNREACHABLE_CODE = YES;
				CLANG_WARN__DUPLICATE_METHOD_MATCH = YES;
				ENABLE_STRICT_OBJC_MSGSEND = YES;
				GCC_NO_COMMON_BLOCKS = YES;
				GCC_OPTIMIZATION_LEVEL = 0;
				GCC_PREPROCESSOR_DEFINITIONS = _DEBUG;
				GCC_WARN_64_TO_32_BIT_CONVERSION = YES;
				GCC_WARN_ABOUT_RETURN_TYPE = YES;
				GCC_WARN_UNDECLARED_SELECTOR = YES;
				GCC_WARN_UNINITIALIZED_AUTOS = YES;
				GCC_WARN_UNUSED_FUNCTION = YES;
				GCC_WARN_UNUSED_VARIABLE = YES;
				HEADER_SEARCH_PATHS = (
					"${SRCROOT}/../../rapidxml",
					"${SRCROOT}/../include",
					"${SRCROOT}/../lib/rapidxml",
				);
				ONLY_ACTIVE_ARCH = YES;
				PRODUCT_NAME = hlxml;
			};
			name = Debug;
		};
		C981CCAE132AE98F0072B5A9 /* Debug */ = {
			isa = XCBuildConfiguration;
			baseConfigurationReference = D1681BA518D768190088FC68 /* Mac.xcconfig */;
			buildSettings = {
				ALWAYS_SEARCH_USER_PATHS = NO;
				COPY_PHASE_STRIP = NO;
				GCC_PREPROCESSOR_DEFINITIONS = (
					_MAC,
					"$(inherited)",
				);
				HEADER_SEARCH_PATHS = (
					"${SRCROOT}/../../rapidxml",
					"${SRCROOT}/../include",
					"${SRCROOT}/../lib/rapidxml",
				);
				INFOPLIST_FILE = Info.plist;
				LD_DYLIB_INSTALL_NAME = "@executable_path/../Frameworks/$(EXECUTABLE_PATH)";
				PRODUCT_BUNDLE_IDENTIFIER = "com.googlecode.${PRODUCT_NAME:rfc1034Identifier}";
				SKIP_INSTALL = YES;
				WRAPPER_EXTENSION = framework;
			};
			name = Debug;
		};
		C981CCAF132AE9960072B5A9 /* Release */ = {
			isa = XCBuildConfiguration;
			buildSettings = {
				CLANG_WARN_BOOL_CONVERSION = YES;
				CLANG_WARN_CONSTANT_CONVERSION = YES;
				CLANG_WARN_EMPTY_BODY = YES;
				CLANG_WARN_ENUM_CONVERSION = YES;
				CLANG_WARN_INFINITE_RECURSION = YES;
				CLANG_WARN_INT_CONVERSION = YES;
				CLANG_WARN_SUSPICIOUS_MOVE = YES;
				CLANG_WARN_UNREACHABLE_CODE = YES;
				CLANG_WARN__DUPLICATE_METHOD_MATCH = YES;
				ENABLE_STRICT_OBJC_MSGSEND = YES;
				GCC_NO_COMMON_BLOCKS = YES;
				GCC_WARN_64_TO_32_BIT_CONVERSION = YES;
				GCC_WARN_ABOUT_RETURN_TYPE = YES;
				GCC_WARN_UNDECLARED_SELECTOR = YES;
				GCC_WARN_UNINITIALIZED_AUTOS = YES;
				GCC_WARN_UNUSED_FUNCTION = YES;
				GCC_WARN_UNUSED_VARIABLE = YES;
				HEADER_SEARCH_PATHS = (
					"${SRCROOT}/../../rapidxml",
					"${SRCROOT}/../include",
					"${SRCROOT}/../lib/rapidxml",
				);
				PRODUCT_NAME = hlxml;
			};
			name = Release;
		};
		C981CCB0132AE9960072B5A9 /* Release */ = {
			isa = XCBuildConfiguration;
			baseConfigurationReference = D1681BA518D768190088FC68 /* Mac.xcconfig */;
			buildSettings = {
				ALWAYS_SEARCH_USER_PATHS = NO;
				GCC_PREPROCESSOR_DEFINITIONS = (
					_MAC,
					"$(inherited)",
				);
				HEADER_SEARCH_PATHS = (
					"${SRCROOT}/../../rapidxml",
					"${SRCROOT}/../include",
					"${SRCROOT}/../lib/rapidxml",
				);
				INFOPLIST_FILE = Info.plist;
				LD_DYLIB_INSTALL_NAME = "@executable_path/../Frameworks/$(EXECUTABLE_PATH)";
				PRODUCT_BUNDLE_IDENTIFIER = "com.googlecode.${PRODUCT_NAME:rfc1034Identifier}";
				SKIP_INSTALL = YES;
				WRAPPER_EXTENSION = framework;
			};
			name = Release;
		};
		D1E1DD74140E58E700499A97 /* Debug */ = {
			isa = XCBuildConfiguration;
			baseConfigurationReference = D1681BA418D768190088FC68 /* iOS.xcconfig */;
			buildSettings = {
				COPY_PHASE_STRIP = NO;
				GCC_PREPROCESSOR_DEFINITIONS = (
					_IOS,
					"$(inherited)",
				);
				GCC_WARN_ABOUT_MISSING_PROTOTYPES = YES;
				HEADER_SEARCH_PATHS = (
					"${SRCROOT}/../../rapidxml",
					"${SRCROOT}/../include",
					"${SRCROOT}/../lib/rapidxml",
				);
				PRODUCT_NAME = hlxml;
				SKIP_INSTALL = YES;
			};
			name = Debug;
		};
		D1E1DD76140E58E700499A97 /* Release */ = {
			isa = XCBuildConfiguration;
			baseConfigurationReference = D1681BA418D768190088FC68 /* iOS.xcconfig */;
			buildSettings = {
				COPY_PHASE_STRIP = YES;
				GCC_PREPROCESSOR_DEFINITIONS = (
					_IOS,
					"$(inherited)",
				);
				GCC_WARN_ABOUT_MISSING_PROTOTYPES = YES;
				HEADER_SEARCH_PATHS = (
					"${SRCROOT}/../../rapidxml",
					"${SRCROOT}/../include",
					"${SRCROOT}/../lib/rapidxml",
				);
				PRODUCT_NAME = hlxml;
				SKIP_INSTALL = YES;
			};
			name = Release;
		};
		D1E1DD77140E58E700499A97 /* App Store */ = {
			isa = XCBuildConfiguration;
			baseConfigurationReference = D1681BA418D768190088FC68 /* iOS.xcconfig */;
			buildSettings = {
				COPY_PHASE_STRIP = YES;
				GCC_PREPROCESSOR_DEFINITIONS = (
					_IOS,
					"$(inherited)",
				);
				GCC_WARN_ABOUT_MISSING_PROTOTYPES = YES;
				HEADER_SEARCH_PATHS = (
					"${SRCROOT}/../../rapidxml",
					"${SRCROOT}/../include",
					"${SRCROOT}/../lib/rapidxml",
				);
				PRODUCT_NAME = hlxml;
				SKIP_INSTALL = YES;
			};
			name = "App Store";
		};
		D1F27ABB177A2D3C00E5C131 /* Debug */ = {
			isa = XCBuildConfiguration;
			baseConfigurationReference = D1681BA518D768190088FC68 /* Mac.xcconfig */;
			buildSettings = {
				ALWAYS_SEARCH_USER_PATHS = NO;
				COPY_PHASE_STRIP = NO;
				GCC_PREPROCESSOR_DEFINITIONS = (
					_MAC,
					"$(inherited)",
				);
				GCC_WARN_ABOUT_MISSING_PROTOTYPES = YES;
				HEADER_SEARCH_PATHS = (
					"${SRCROOT}/../../rapidxml",
					"${SRCROOT}/../include",
					"${SRCROOT}/../lib/rapidxml",
				);
				PRODUCT_NAME = hlxml;
				SKIP_INSTALL = YES;
			};
			name = Debug;
		};
		D1F27ABD177A2D3C00E5C131 /* Release */ = {
			isa = XCBuildConfiguration;
			baseConfigurationReference = D1681BA518D768190088FC68 /* Mac.xcconfig */;
			buildSettings = {
				ALWAYS_SEARCH_USER_PATHS = NO;
				COPY_PHASE_STRIP = YES;
				GCC_PREPROCESSOR_DEFINITIONS = (
					_MAC,
					"$(inherited)",
				);
				GCC_WARN_ABOUT_MISSING_PROTOTYPES = YES;
				HEADER_SEARCH_PATHS = (
					"${SRCROOT}/../../rapidxml",
					"${SRCROOT}/../include",
					"${SRCROOT}/../lib/rapidxml",
				);
				PRODUCT_NAME = hlxml;
				SKIP_INSTALL = YES;
			};
			name = Release;
		};
		D1F27ABE177A2D3C00E5C131 /* App Store */ = {
			isa = XCBuildConfiguration;
			baseConfigurationReference = D1681BA518D768190088FC68 /* Mac.xcconfig */;
			buildSettings = {
				ALWAYS_SEARCH_USER_PATHS = NO;
				COPY_PHASE_STRIP = YES;
				GCC_PREPROCESSOR_DEFINITIONS = (
					_MAC,
					"$(inherited)",
				);
				GCC_WARN_ABOUT_MISSING_PROTOTYPES = YES;
				HEADER_SEARCH_PATHS = (
					"${SRCROOT}/../../rapidxml",
					"${SRCROOT}/../include",
					"${SRCROOT}/../lib/rapidxml",
				);
				PRODUCT_NAME = hlxml;
				SKIP_INSTALL = YES;
			};
			name = "App Store";
		};
/* End XCBuildConfiguration section */

/* Begin XCConfigurationList section */
		1DEB91AD08733DA50010E9CD /* Build configuration list for PBXNativeTarget "hlxml (rapidxml)" */ = {
			isa = XCConfigurationList;
			buildConfigurations = (
				C981CCAE132AE98F0072B5A9 /* Debug */,
				C981CCB0132AE9960072B5A9 /* Release */,
				7F7A5604129D435000E0ED12 /* App Store */,
			);
			defaultConfigurationIsVisible = 0;
			defaultConfigurationName = Debug;
		};
		1DEB91B108733DA50010E9CD /* Build configuration list for PBXProject "hlxml" */ = {
			isa = XCConfigurationList;
			buildConfigurations = (
				C981CCAD132AE98F0072B5A9 /* Debug */,
				C981CCAF132AE9960072B5A9 /* Release */,
				7F7A5603129D435000E0ED12 /* App Store */,
			);
			defaultConfigurationIsVisible = 0;
			defaultConfigurationName = Debug;
		};
		D1E1DD78140E58E700499A97 /* Build configuration list for PBXNativeTarget "hlxml (iOS rapidxml)" */ = {
			isa = XCConfigurationList;
			buildConfigurations = (
				D1E1DD74140E58E700499A97 /* Debug */,
				D1E1DD76140E58E700499A97 /* Release */,
				D1E1DD77140E58E700499A97 /* App Store */,
			);
			defaultConfigurationIsVisible = 0;
			defaultConfigurationName = Debug;
		};
		D1F27AB9177A2D3C00E5C131 /* Build configuration list for PBXNativeTarget "hlxml (Mac rapidxml)" */ = {
			isa = XCConfigurationList;
			buildConfigurations = (
				D1F27ABB177A2D3C00E5C131 /* Debug */,
				D1F27ABD177A2D3C00E5C131 /* Release */,
				D1F27ABE177A2D3C00E5C131 /* App Store */,
			);
			defaultConfigurationIsVisible = 0;
			defaultConfigurationName = Debug;
		};
/* End XCConfigurationList section */
	};
	rootObject = 0867D690FE84028FC02AAC07 /* Project object */;
}
