<?xml version="1.0" encoding="utf-8"?>
<Project ToolsVersion="4.0" xmlns="http://schemas.microsoft.com/developer/msbuild/2003">
  <ItemGroup>
    <Filter Include="Source Files">
      <UniqueIdentifier>{4FC737F1-C7A5-4376-A066-2A32D752A2FF}</UniqueIdentifier>
      <Extensions>cpp;c;cc;cxx;def;odl;idl;hpj;bat;asm;asmx</Extensions>
    </Filter>
    <Filter Include="Header Files">
      <UniqueIdentifier>{93995380-89BD-4b04-88EB-625FBE52EBFB}</UniqueIdentifier>
      <Extensions>h;hpp;hxx;hm;inl;inc;xsd</Extensions>
    </Filter>
    <Filter Include="Resource Files">
      <UniqueIdentifier>{17132154-45a3-459e-a889-56b03ef2b9bd}</UniqueIdentifier>
    </Filter>
    <Filter Include="Source Files\LibXml2">
      <UniqueIdentifier>{42fcfd36-3029-4c08-b27b-953ed1aa167a}</UniqueIdentifier>
    </Filter>
    <Filter Include="Header Files\LibXml2">
      <UniqueIdentifier>{2f804a79-8165-4c3b-b02a-f53001950f10}</UniqueIdentifier>
    </Filter>
    <Filter Include="Header Files\TinyXml">
      <UniqueIdentifier>{2afd6790-c699-4f3a-b8b7-5d27e4c3a343}</UniqueIdentifier>
    </Filter>
    <Filter Include="Source Files\TinyXml">
      <UniqueIdentifier>{61dfc791-fdcc-4fa7-b9ca-bc80aba1ae9b}</UniqueIdentifier>
    </Filter>
  </ItemGroup>
  <ItemGroup>
    <ClCompile Include="src\Document.cpp">
      <Filter>Source Files</Filter>
    </ClCompile>
    <ClCompile Include="src\Exception.cpp">
      <Filter>Source Files</Filter>
    </ClCompile>
    <ClCompile Include="src\Node.cpp">
      <Filter>Source Files</Filter>
    </ClCompile>
    <ClCompile Include="src\Property.cpp">
      <Filter>Source Files</Filter>
    </ClCompile>
    <ClCompile Include="xmlsystems\TinyXml\TinyXml_Document.cpp">
      <Filter>Source Files\TinyXml</Filter>
    </ClCompile>
    <ClCompile Include="xmlsystems\TinyXml\TinyXml_Node.cpp">
      <Filter>Source Files\TinyXml</Filter>
    </ClCompile>
    <ClCompile Include="xmlsystems\TinyXml\TinyXml_Property.cpp">
      <Filter>Source Files\TinyXml</Filter>
    </ClCompile>
    <ClCompile Include="xmlsystems\LibXml2\LibXml2_Property.cpp">
      <Filter>Source Files\LibXml2</Filter>
    </ClCompile>
    <ClCompile Include="xmlsystems\LibXml2\LibXml2_Node.cpp">
      <Filter>Source Files\LibXml2</Filter>
    </ClCompile>
    <ClCompile Include="xmlsystems\LibXml2\LibXml2_Document.cpp">
      <Filter>Source Files\LibXml2</Filter>
    </ClCompile>
  </ItemGroup>
  <ItemGroup>
    <ClInclude Include="include\hlxml\Document.h">
      <Filter>Header Files</Filter>
    </ClInclude>
    <ClInclude Include="include\hlxml\Exception.h">
      <Filter>Header Files</Filter>
    </ClInclude>
    <ClInclude Include="include\hlxml\hlxmlExport.h">
      <Filter>Header Files</Filter>
    </ClInclude>
    <ClInclude Include="include\hlxml\Node.h">
      <Filter>Header Files</Filter>
    </ClInclude>
    <ClInclude Include="include\hlxml\Property.h">
      <Filter>Header Files</Filter>
    </ClInclude>
    <ClInclude Include="xmlsystems\LibXml2\LibXml2_Document.h">
      <Filter>Header Files\LibXml2</Filter>
    </ClInclude>
    <ClInclude Include="xmlsystems\LibXml2\LibXml2_Node.h">
      <Filter>Header Files\LibXml2</Filter>
    </ClInclude>
    <ClInclude Include="xmlsystems\LibXml2\LibXml2_Property.h">
      <Filter>Header Files\LibXml2</Filter>
    </ClInclude>
    <ClInclude Include="xmlsystems\TinyXml\TinyXml_Document.h">
      <Filter>Header Files\TinyXml</Filter>
    </ClInclude>
    <ClInclude Include="xmlsystems\TinyXml\TinyXml_Node.h">
      <Filter>Header Files\TinyXml</Filter>
    </ClInclude>
    <ClInclude Include="xmlsystems\TinyXml\TinyXml_Property.h">
      <Filter>Header Files\TinyXml</Filter>
    </ClInclude>
  </ItemGroup>
  <ItemGroup>
    <None Include="fileproperties.rc">
      <Filter>Resource Files</Filter>
    </None>
  </ItemGroup>
</Project>