<?xml version="1.0" encoding="utf-8"?>
<Project ToolsVersion="12.0" xmlns="http://schemas.microsoft.com/developer/msbuild/2003">
  <ItemGroup>
    <Filter Include="generated">
      <UniqueIdentifier>{0afe0d29-e182-44d8-9f6a-844e29f8f17e}</UniqueIdentifier>
    </Filter>
    <Filter Include="tests">
      <UniqueIdentifier>{4FC737F1-C7A5-4376-A066-2A32D752A2FF}</UniqueIdentifier>
    </Filter>
  </ItemGroup>
  <ItemGroup>
    <ClInclude Include="..\..\..\hltypes\unittest\hunittest.h" />
  </ItemGroup>
  <ItemGroup>
    <ClCompile Include="..\..\..\hltypes\unittest\hunittest.cpp" />
    <ClCompile Include="..\..\unittest\Thread.cpp">
      <Filter>tests</Filter>
    </ClCompile>
    <ClCompile Include="..\..\unittest\generated\_Thread.cpp">
      <Filter>generated</Filter>
    </ClCompile>
    <ClCompile Include="..\..\unittest\Array.cpp">
      <Filter>tests</Filter>
    </ClCompile>
    <ClCompile Include="..\..\unittest\generated\_Array.cpp">
      <Filter>generated</Filter>
    </ClCompile>
    <ClCompile Include="..\..\unittest\Dir.cpp">
      <Filter>tests</Filter>
    </ClCompile>
    <ClCompile Include="..\..\unittest\generated\_Dir.cpp">
      <Filter>generated</Filter>
    </ClCompile>
    <ClCompile Include="..\..\unittest\File.cpp">
      <Filter>tests</Filter>
    </ClCompile>
    <ClCompile Include="..\..\unittest\generated\_File.cpp">
      <Filter>generated</Filter>
    </ClCompile>
    <ClCompile Include="..\..\unittest\Map.cpp">
      <Filter>tests</Filter>
    </ClCompile>
    <ClCompile Include="..\..\unittest\generated\_Map.cpp">
      <Filter>generated</Filter>
    </ClCompile>
    <ClCompile Include="..\..\unittest\Stream.cpp">
      <Filter>tests</Filter>
    </ClCompile>
    <ClCompile Include="..\..\unittest\generated\_Stream.cpp">
      <Filter>generated</Filter>
    </ClCompile>
  </ItemGroup>
</Project>